// !$*UTF8*$!
{
	archiveVersion = 1;
	classes = {
	};
	objectVersion = 50;
	objects = {

/* Begin PBXBuildFile section */
		E50AFE0D23F9914900BFB71E /* MapPoint.swift in Sources */ = {isa = PBXBuildFile; fileRef = E50AFE0C23F9914900BFB71E /* MapPoint.swift */; };
		E5163F472473B7AD002CAC3A /* MapPointBase.swift in Sources */ = {isa = PBXBuildFile; fileRef = E5163F462473B7AD002CAC3A /* MapPointBase.swift */; };
		E5163F4B2473DD81002CAC3A /* MapMountainSnowLeopardPoint@2x.png in Resources */ = {isa = PBXBuildFile; fileRef = E5163F482473DD80002CAC3A /* MapMountainSnowLeopardPoint@2x.png */; };
		E5163F4C2473DD81002CAC3A /* MapMountainSnowLeopardPoint@3x.png in Resources */ = {isa = PBXBuildFile; fileRef = E5163F492473DD81002CAC3A /* MapMountainSnowLeopardPoint@3x.png */; };
		E5163F4D2473DD81002CAC3A /* MapMountainSnowLeopardPoint.png in Resources */ = {isa = PBXBuildFile; fileRef = E5163F4A2473DD81002CAC3A /* MapMountainSnowLeopardPoint.png */; };
		E5163F512473F3A0002CAC3A /* MapMountainSevenPeaksPoint@2x.png in Resources */ = {isa = PBXBuildFile; fileRef = E5163F4E2473F39F002CAC3A /* MapMountainSevenPeaksPoint@2x.png */; };
		E5163F522473F3A0002CAC3A /* MapMountainSevenPeaksPoint@3x.png in Resources */ = {isa = PBXBuildFile; fileRef = E5163F4F2473F39F002CAC3A /* MapMountainSevenPeaksPoint@3x.png */; };
		E5163F532473F3A0002CAC3A /* MapMountainSevenPeaksPoint.png in Resources */ = {isa = PBXBuildFile; fileRef = E5163F502473F39F002CAC3A /* MapMountainSevenPeaksPoint.png */; };
		E51AE0992477BCE200A2501B /* list.json in Resources */ = {isa = PBXBuildFile; fileRef = E51AE09B2477BCE200A2501B /* list.json */; };
		E527DDE32463DF4F003FE494 /* MapMarkPoint.swift in Sources */ = {isa = PBXBuildFile; fileRef = E527DDE22463DF4F003FE494 /* MapMarkPoint.swift */; };
		E527DDE72463F137003FE494 /* MapPoint.png in Resources */ = {isa = PBXBuildFile; fileRef = E527DDE42463F136003FE494 /* MapPoint.png */; };
		E527DDE82463F137003FE494 /* MapPoint@2x.png in Resources */ = {isa = PBXBuildFile; fileRef = E527DDE52463F137003FE494 /* MapPoint@2x.png */; };
		E527DDE92463F137003FE494 /* MapPoint@3x.png in Resources */ = {isa = PBXBuildFile; fileRef = E527DDE62463F137003FE494 /* MapPoint@3x.png */; };
		E527DDED24640658003FE494 /* MapMarkPoint@3x.png in Resources */ = {isa = PBXBuildFile; fileRef = E527DDEA24640658003FE494 /* MapMarkPoint@3x.png */; };
		E527DDEE24640658003FE494 /* MapMarkPoint.png in Resources */ = {isa = PBXBuildFile; fileRef = E527DDEB24640658003FE494 /* MapMarkPoint.png */; };
		E527DDEF24640658003FE494 /* MapMarkPoint@2x.png in Resources */ = {isa = PBXBuildFile; fileRef = E527DDEC24640658003FE494 /* MapMarkPoint@2x.png */; };
		E528F2002403116600F01CD6 /* Mark+CoreDataClass.swift in Sources */ = {isa = PBXBuildFile; fileRef = E528F1FF2403116600F01CD6 /* Mark+CoreDataClass.swift */; };
		E528F2022403118A00F01CD6 /* Mark+CoreDataProperties.swift in Sources */ = {isa = PBXBuildFile; fileRef = E528F2012403118A00F01CD6 /* Mark+CoreDataProperties.swift */; };
		E52BA737229ECF3200077476 /* Geocode.swift in Sources */ = {isa = PBXBuildFile; fileRef = E52BA736229ECF3200077476 /* Geocode.swift */; };
		E52BA739229ED9B600077476 /* YandexResponse.swift in Sources */ = {isa = PBXBuildFile; fileRef = E52BA738229ED9B600077476 /* YandexResponse.swift */; };
		E5306E7022BCABC100026C2E /* GeoActionTableViewCell.swift in Sources */ = {isa = PBXBuildFile; fileRef = E5306E6F22BCABC100026C2E /* GeoActionTableViewCell.swift */; };
		E536F74D22D51BCF00258788 /* GraphView.swift in Sources */ = {isa = PBXBuildFile; fileRef = E536F74C22D51BCF00258788 /* GraphView.swift */; };
		E55E348622A142E700BDCE56 /* Barometer.swift in Sources */ = {isa = PBXBuildFile; fileRef = E5EDD39F2297EDE100E3737F /* Barometer.swift */; };
		E55F483F22D5D8A100948AB4 /* GraphViewController.swift in Sources */ = {isa = PBXBuildFile; fileRef = E55F483E22D5D8A100948AB4 /* GraphViewController.swift */; };
		E566AF532392BE29005CA340 /* NotificationCenter.framework in Frameworks */ = {isa = PBXBuildFile; fileRef = E566AF522392BE29005CA340 /* NotificationCenter.framework */; };
		E566AF562392BE29005CA340 /* TodayViewController.swift in Sources */ = {isa = PBXBuildFile; fileRef = E566AF552392BE29005CA340 /* TodayViewController.swift */; };
		E566AF592392BE29005CA340 /* MainInterface.storyboard in Resources */ = {isa = PBXBuildFile; fileRef = E566AF572392BE29005CA340 /* MainInterface.storyboard */; };
		E566AF5E2392BE29005CA340 /* Today.appex in Embed App Extensions */ = {isa = PBXBuildFile; fileRef = E566AF512392BE29005CA340 /* Today.appex */; settings = {ATTRIBUTES = (RemoveHeadersOnCopy, ); }; };
		E566AF642392BF5A005CA340 /* InfoPlist.strings in Resources */ = {isa = PBXBuildFile; fileRef = E566AF662392BF5A005CA340 /* InfoPlist.strings */; };
		E566AF6A2392C6E6005CA340 /* PersistentContainer.swift in Sources */ = {isa = PBXBuildFile; fileRef = E57FD32622D4A82E009A1740 /* PersistentContainer.swift */; };
		E566AF6C2392CA31005CA340 /* Barometer.swift in Sources */ = {isa = PBXBuildFile; fileRef = E5EDD39F2297EDE100E3737F /* Barometer.swift */; };
		E566AF6F2392CCC5005CA340 /* Localizable.strings in Resources */ = {isa = PBXBuildFile; fileRef = E566AF712392CCC5005CA340 /* Localizable.strings */; };
		E566AF742392D18C005CA340 /* Trace+CoreDataClass.swift in Sources */ = {isa = PBXBuildFile; fileRef = E57FD35522D4AF33009A1740 /* Trace+CoreDataClass.swift */; };
		E566AF752392D18F005CA340 /* Trace+CoreDataProperties.swift in Sources */ = {isa = PBXBuildFile; fileRef = E57FD35422D4AF33009A1740 /* Trace+CoreDataProperties.swift */; };
		E566AF762392D197005CA340 /* Geo.xcdatamodeld in Sources */ = {isa = PBXBuildFile; fileRef = E57FD35A22D4AF44009A1740 /* Geo.xcdatamodeld */; };
		E566AF772392D1F7005CA340 /* GraphView.swift in Sources */ = {isa = PBXBuildFile; fileRef = E536F74C22D51BCF00258788 /* GraphView.swift */; };
		E566AF7B2392EA60005CA340 /* TodayBackground@2x.png in Resources */ = {isa = PBXBuildFile; fileRef = E566AF782392EA60005CA340 /* TodayBackground@2x.png */; };
		E566AF7C2392EA60005CA340 /* TodayBackground@2x.png in Resources */ = {isa = PBXBuildFile; fileRef = E566AF782392EA60005CA340 /* TodayBackground@2x.png */; };
		E566AF7D2392EA60005CA340 /* TodayBackground.png in Resources */ = {isa = PBXBuildFile; fileRef = E566AF792392EA60005CA340 /* TodayBackground.png */; };
		E566AF7E2392EA60005CA340 /* TodayBackground.png in Resources */ = {isa = PBXBuildFile; fileRef = E566AF792392EA60005CA340 /* TodayBackground.png */; };
		E566AF7F2392EA60005CA340 /* TodayBackground@3x.png in Resources */ = {isa = PBXBuildFile; fileRef = E566AF7A2392EA60005CA340 /* TodayBackground@3x.png */; };
		E566AF802392EA60005CA340 /* TodayBackground@3x.png in Resources */ = {isa = PBXBuildFile; fileRef = E566AF7A2392EA60005CA340 /* TodayBackground@3x.png */; };
		E57DF9DE229FD8B6006D8F87 /* YandexResponse.swift in Sources */ = {isa = PBXBuildFile; fileRef = E52BA738229ED9B600077476 /* YandexResponse.swift */; };
		E57FD32722D4A82E009A1740 /* PersistentContainer.swift in Sources */ = {isa = PBXBuildFile; fileRef = E57FD32622D4A82E009A1740 /* PersistentContainer.swift */; };
		E57FD32822D4A82E009A1740 /* PersistentContainer.swift in Sources */ = {isa = PBXBuildFile; fileRef = E57FD32622D4A82E009A1740 /* PersistentContainer.swift */; };
		E57FD32A22D4A862009A1740 /* CoreData.framework in Frameworks */ = {isa = PBXBuildFile; fileRef = E57FD32922D4A862009A1740 /* CoreData.framework */; };
		E57FD33022D4A88B009A1740 /* CoreData.framework in Frameworks */ = {isa = PBXBuildFile; fileRef = E57FD32F22D4A88B009A1740 /* CoreData.framework */; };
		E57FD33122D4A893009A1740 /* CoreLocation.framework in Frameworks */ = {isa = PBXBuildFile; fileRef = E5F57A9322958CE0004D3A60 /* CoreLocation.framework */; };
		E57FD33222D4A899009A1740 /* CoreMotion.framework in Frameworks */ = {isa = PBXBuildFile; fileRef = E5F57A9122958CD6004D3A60 /* CoreMotion.framework */; };
		E57FD33322D4A8AD009A1740 /* CoreData.framework in Frameworks */ = {isa = PBXBuildFile; fileRef = E57FD32F22D4A88B009A1740 /* CoreData.framework */; };
		E57FD35622D4AF33009A1740 /* Trace+CoreDataProperties.swift in Sources */ = {isa = PBXBuildFile; fileRef = E57FD35422D4AF33009A1740 /* Trace+CoreDataProperties.swift */; };
		E57FD35822D4AF33009A1740 /* Trace+CoreDataClass.swift in Sources */ = {isa = PBXBuildFile; fileRef = E57FD35522D4AF33009A1740 /* Trace+CoreDataClass.swift */; };
		E57FD35C22D4AF45009A1740 /* Geo.xcdatamodeld in Sources */ = {isa = PBXBuildFile; fileRef = E57FD35A22D4AF44009A1740 /* Geo.xcdatamodeld */; };
		E57FD35D22D4AF45009A1740 /* Geo.xcdatamodeld in Sources */ = {isa = PBXBuildFile; fileRef = E57FD35A22D4AF44009A1740 /* Geo.xcdatamodeld */; };
		E582AD7E22B2221400F5364A /* Weather.swift in Sources */ = {isa = PBXBuildFile; fileRef = E582AD7D22B2221400F5364A /* Weather.swift */; };
		E582AD7F22B2221B00F5364A /* Weather.swift in Sources */ = {isa = PBXBuildFile; fileRef = E582AD7D22B2221400F5364A /* Weather.swift */; };
		E582AD8122B2245900F5364A /* OpenWeatherMapResponse.swift in Sources */ = {isa = PBXBuildFile; fileRef = E582AD8022B2245900F5364A /* OpenWeatherMapResponse.swift */; };
		E582AD8222B2245900F5364A /* OpenWeatherMapResponse.swift in Sources */ = {isa = PBXBuildFile; fileRef = E582AD8022B2245900F5364A /* OpenWeatherMapResponse.swift */; };
		E5851B48247AB9760004877E /* MapSetupViewController.swift in Sources */ = {isa = PBXBuildFile; fileRef = E5851B47247AB9760004877E /* MapSetupViewController.swift */; };
		E5851B4A247AF6340004877E /* UserDefaults.swift in Sources */ = {isa = PBXBuildFile; fileRef = E5851B49247AF6340004877E /* UserDefaults.swift */; };
		E58D19D522D4B03B00EEBA49 /* Trace+CoreDataClass.swift in Sources */ = {isa = PBXBuildFile; fileRef = E57FD35522D4AF33009A1740 /* Trace+CoreDataClass.swift */; };
		E58D19D622D4B03F00EEBA49 /* Trace+CoreDataProperties.swift in Sources */ = {isa = PBXBuildFile; fileRef = E57FD35422D4AF33009A1740 /* Trace+CoreDataProperties.swift */; };
		E59909152462ED3700CB1A85 /* AddMarkViewController.swift in Sources */ = {isa = PBXBuildFile; fileRef = E59909142462ED3700CB1A85 /* AddMarkViewController.swift */; };
		E59909182462F50000CB1A85 /* UIButton.swift in Sources */ = {isa = PBXBuildFile; fileRef = E59909172462F50000CB1A85 /* UIButton.swift */; };
		E59B24092472CD38003D6E77 /* MountainInfo.swift in Sources */ = {isa = PBXBuildFile; fileRef = E59B24082472CD38003D6E77 /* MountainInfo.swift */; };
		E59B24132472D117003D6E77 /* MountainList.swift in Sources */ = {isa = PBXBuildFile; fileRef = E59B24122472D117003D6E77 /* MountainList.swift */; };
		E59B24152472D162003D6E77 /* MountainData.swift in Sources */ = {isa = PBXBuildFile; fileRef = E59B24142472D162003D6E77 /* MountainData.swift */; };
		E59B24172472D1D0003D6E77 /* MountainCoordinates.swift in Sources */ = {isa = PBXBuildFile; fileRef = E59B24162472D1D0003D6E77 /* MountainCoordinates.swift */; };
		E59B241924730248003D6E77 /* MapMountainPoint.swift in Sources */ = {isa = PBXBuildFile; fileRef = E59B241824730248003D6E77 /* MapMountainPoint.swift */; };
		E59B241D247307EF003D6E77 /* MapMountainPoint.png in Resources */ = {isa = PBXBuildFile; fileRef = E59B241A247307EF003D6E77 /* MapMountainPoint.png */; };
		E59B241E247307EF003D6E77 /* MapMountainPoint@3x.png in Resources */ = {isa = PBXBuildFile; fileRef = E59B241B247307EF003D6E77 /* MapMountainPoint@3x.png */; };
		E59B241F247307EF003D6E77 /* MapMountainPoint@2x.png in Resources */ = {isa = PBXBuildFile; fileRef = E59B241C247307EF003D6E77 /* MapMountainPoint@2x.png */; };
		E59BCC7422D348EC00172BB7 /* Assets.xcassets in Resources */ = {isa = PBXBuildFile; fileRef = E5BD420922893DA60085CA4B /* Assets.xcassets */; };
		E5A51DE322AE5FD600622A7F /* Barometer+Watch.swift in Sources */ = {isa = PBXBuildFile; fileRef = E5A51DE222AE5FD600622A7F /* Barometer+Watch.swift */; };
		E5BD41DD22893DA30085CA4B /* AppDelegate.swift in Sources */ = {isa = PBXBuildFile; fileRef = E5BD41DC22893DA30085CA4B /* AppDelegate.swift */; };
		E5BD41DF22893DA30085CA4B /* ViewController.swift in Sources */ = {isa = PBXBuildFile; fileRef = E5BD41DE22893DA30085CA4B /* ViewController.swift */; };
		E5BD41E222893DA30085CA4B /* Main.storyboard in Resources */ = {isa = PBXBuildFile; fileRef = E5BD41E022893DA30085CA4B /* Main.storyboard */; };
		E5BD41E422893DA50085CA4B /* Assets.xcassets in Resources */ = {isa = PBXBuildFile; fileRef = E5BD41E322893DA50085CA4B /* Assets.xcassets */; };
		E5BD41E722893DA50085CA4B /* LaunchScreen.storyboard in Resources */ = {isa = PBXBuildFile; fileRef = E5BD41E522893DA50085CA4B /* LaunchScreen.storyboard */; };
		E5BD41F222893DA50085CA4B /* GeoTests.swift in Sources */ = {isa = PBXBuildFile; fileRef = E5BD41F122893DA50085CA4B /* GeoTests.swift */; };
		E5BD41FD22893DA50085CA4B /* GeoUITests.swift in Sources */ = {isa = PBXBuildFile; fileRef = E5BD41FC22893DA50085CA4B /* GeoUITests.swift */; };
		E5BD420222893DA50085CA4B /* Geo WatchKit App.app in Embed Watch Content */ = {isa = PBXBuildFile; fileRef = E5BD420122893DA50085CA4B /* Geo WatchKit App.app */; };
		E5BD420822893DA50085CA4B /* Interface.storyboard in Resources */ = {isa = PBXBuildFile; fileRef = E5BD420622893DA50085CA4B /* Interface.storyboard */; };
		E5BD420A22893DA60085CA4B /* Assets.xcassets in Resources */ = {isa = PBXBuildFile; fileRef = E5BD420922893DA60085CA4B /* Assets.xcassets */; };
		E5BD421122893DA60085CA4B /* Geo WatchKit Extension.appex in Embed App Extensions */ = {isa = PBXBuildFile; fileRef = E5BD421022893DA60085CA4B /* Geo WatchKit Extension.appex */; settings = {ATTRIBUTES = (RemoveHeadersOnCopy, ); }; };
		E5BD421622893DA60085CA4B /* InterfaceController.swift in Sources */ = {isa = PBXBuildFile; fileRef = E5BD421522893DA60085CA4B /* InterfaceController.swift */; };
		E5BD421822893DA60085CA4B /* ExtensionDelegate.swift in Sources */ = {isa = PBXBuildFile; fileRef = E5BD421722893DA60085CA4B /* ExtensionDelegate.swift */; };
		E5BD421A22893DA60085CA4B /* NotificationController.swift in Sources */ = {isa = PBXBuildFile; fileRef = E5BD421922893DA60085CA4B /* NotificationController.swift */; };
		E5BD421C22893DA60085CA4B /* ComplicationController.swift in Sources */ = {isa = PBXBuildFile; fileRef = E5BD421B22893DA60085CA4B /* ComplicationController.swift */; };
		E5BD421E22893DA70085CA4B /* Assets.xcassets in Resources */ = {isa = PBXBuildFile; fileRef = E5BD421D22893DA70085CA4B /* Assets.xcassets */; };
		E5C795E422C7EB1D001DD791 /* InfoPlist.strings in Resources */ = {isa = PBXBuildFile; fileRef = E5C795E622C7EB1D001DD791 /* InfoPlist.strings */; };
		E5C795E922C7EBAB001DD791 /* Localizable.strings in Resources */ = {isa = PBXBuildFile; fileRef = E5C795EB22C7EBAB001DD791 /* Localizable.strings */; };
		E5C795EF22C7EBE2001DD791 /* InfoPlist.strings in Resources */ = {isa = PBXBuildFile; fileRef = E5C795F122C7EBE2001DD791 /* InfoPlist.strings */; };
		E5C795F522C7EC3C001DD791 /* InfoPlist.strings in Resources */ = {isa = PBXBuildFile; fileRef = E5C795F722C7EC3C001DD791 /* InfoPlist.strings */; };
		E5C795FD22C7EC76001DD791 /* Localizable.strings in Resources */ = {isa = PBXBuildFile; fileRef = E5C795FF22C7EC76001DD791 /* Localizable.strings */; };
		E5C7960122C7EC80001DD791 /* Localizable.strings in Resources */ = {isa = PBXBuildFile; fileRef = E5C7960322C7EC80001DD791 /* Localizable.strings */; };
		E5C8603822AA8D610002CB91 /* Geo.png in Resources */ = {isa = PBXBuildFile; fileRef = E5C8603622AA8D600002CB91 /* Geo.png */; };
		E5C8603922AA8D610002CB91 /* readme.txt in Resources */ = {isa = PBXBuildFile; fileRef = E5C8603722AA8D610002CB91 /* readme.txt */; };
		E5D78BEB22B91EDE006A3DF0 /* GeoTableViewCell.swift in Sources */ = {isa = PBXBuildFile; fileRef = E5D78BEA22B91EDE006A3DF0 /* GeoTableViewCell.swift */; };
		E5D8317923A6341600A54C9F /* Compass.png in Resources */ = {isa = PBXBuildFile; fileRef = E5D8317623A6341500A54C9F /* Compass.png */; };
		E5D8317A23A6341600A54C9F /* Compass@2x.png in Resources */ = {isa = PBXBuildFile; fileRef = E5D8317723A6341500A54C9F /* Compass@2x.png */; };
		E5D8317B23A6341600A54C9F /* Compass@3x.png in Resources */ = {isa = PBXBuildFile; fileRef = E5D8317823A6341500A54C9F /* Compass@3x.png */; };
		E5D8317F23A6359000A54C9F /* Graph@2x.png in Resources */ = {isa = PBXBuildFile; fileRef = E5D8317C23A6359000A54C9F /* Graph@2x.png */; };
		E5D8318023A6359000A54C9F /* Graph@3x.png in Resources */ = {isa = PBXBuildFile; fileRef = E5D8317D23A6359000A54C9F /* Graph@3x.png */; };
		E5D8318123A6359000A54C9F /* Graph.png in Resources */ = {isa = PBXBuildFile; fileRef = E5D8317E23A6359000A54C9F /* Graph.png */; };
		E5D8318323A636C100A54C9F /* MapViewController.swift in Sources */ = {isa = PBXBuildFile; fileRef = E5D8318223A636C100A54C9F /* MapViewController.swift */; };
		E5EDD3A02297EDE100E3737F /* Barometer.swift in Sources */ = {isa = PBXBuildFile; fileRef = E5EDD39F2297EDE100E3737F /* Barometer.swift */; };
		E5F57A9022958CBA004D3A60 /* CoreMotion.framework in Frameworks */ = {isa = PBXBuildFile; fileRef = E5F57A8F22958CBA004D3A60 /* CoreMotion.framework */; };
		E5F57A9222958CD6004D3A60 /* CoreMotion.framework in Frameworks */ = {isa = PBXBuildFile; fileRef = E5F57A9122958CD6004D3A60 /* CoreMotion.framework */; };
		E5F57A9422958CE0004D3A60 /* CoreLocation.framework in Frameworks */ = {isa = PBXBuildFile; fileRef = E5F57A9322958CE0004D3A60 /* CoreLocation.framework */; };
		E5F57A9622958CF1004D3A60 /* CoreLocation.framework in Frameworks */ = {isa = PBXBuildFile; fileRef = E5F57A9522958CF1004D3A60 /* CoreLocation.framework */; };
		E5F65F4224644C8F00D39403 /* UIButtonWithTarget.swift in Sources */ = {isa = PBXBuildFile; fileRef = E5F65F4124644C8F00D39403 /* UIButtonWithTarget.swift */; };
		E5F65F442464506D00D39403 /* MarkDetailsViewController.swift in Sources */ = {isa = PBXBuildFile; fileRef = E5F65F432464506D00D39403 /* MarkDetailsViewController.swift */; };
/* End PBXBuildFile section */

/* Begin PBXContainerItemProxy section */
		E566AF5B2392BE29005CA340 /* PBXContainerItemProxy */ = {
			isa = PBXContainerItemProxy;
			containerPortal = E5BD41D122893DA30085CA4B /* Project object */;
			proxyType = 1;
			remoteGlobalIDString = E566AF502392BE29005CA340;
			remoteInfo = Today;
		};
		E5BD41EE22893DA50085CA4B /* PBXContainerItemProxy */ = {
			isa = PBXContainerItemProxy;
			containerPortal = E5BD41D122893DA30085CA4B /* Project object */;
			proxyType = 1;
			remoteGlobalIDString = E5BD41D822893DA30085CA4B;
			remoteInfo = Geo;
		};
		E5BD41F922893DA50085CA4B /* PBXContainerItemProxy */ = {
			isa = PBXContainerItemProxy;
			containerPortal = E5BD41D122893DA30085CA4B /* Project object */;
			proxyType = 1;
			remoteGlobalIDString = E5BD41D822893DA30085CA4B;
			remoteInfo = Geo;
		};
		E5BD420322893DA50085CA4B /* PBXContainerItemProxy */ = {
			isa = PBXContainerItemProxy;
			containerPortal = E5BD41D122893DA30085CA4B /* Project object */;
			proxyType = 1;
			remoteGlobalIDString = E5BD420022893DA50085CA4B;
			remoteInfo = "Geo WatchKit App";
		};
		E5BD421222893DA60085CA4B /* PBXContainerItemProxy */ = {
			isa = PBXContainerItemProxy;
			containerPortal = E5BD41D122893DA30085CA4B /* Project object */;
			proxyType = 1;
			remoteGlobalIDString = E5BD420F22893DA60085CA4B;
			remoteInfo = "Geo WatchKit Extension";
		};
/* End PBXContainerItemProxy section */

/* Begin PBXCopyFilesBuildPhase section */
		E566AF5D2392BE29005CA340 /* Embed App Extensions */ = {
			isa = PBXCopyFilesBuildPhase;
			buildActionMask = 2147483647;
			dstPath = "";
			dstSubfolderSpec = 13;
			files = (
				E566AF5E2392BE29005CA340 /* Today.appex in Embed App Extensions */,
			);
			name = "Embed App Extensions";
			runOnlyForDeploymentPostprocessing = 0;
		};
		E5BD422622893DA70085CA4B /* Embed App Extensions */ = {
			isa = PBXCopyFilesBuildPhase;
			buildActionMask = 2147483647;
			dstPath = "";
			dstSubfolderSpec = 13;
			files = (
				E5BD421122893DA60085CA4B /* Geo WatchKit Extension.appex in Embed App Extensions */,
			);
			name = "Embed App Extensions";
			runOnlyForDeploymentPostprocessing = 0;
		};
		E5BD422A22893DA70085CA4B /* Embed Watch Content */ = {
			isa = PBXCopyFilesBuildPhase;
			buildActionMask = 2147483647;
			dstPath = "$(CONTENTS_FOLDER_PATH)/Watch";
			dstSubfolderSpec = 16;
			files = (
				E5BD420222893DA50085CA4B /* Geo WatchKit App.app in Embed Watch Content */,
			);
			name = "Embed Watch Content";
			runOnlyForDeploymentPostprocessing = 0;
		};
/* End PBXCopyFilesBuildPhase section */

/* Begin PBXFileReference section */
		E50AFE0C23F9914900BFB71E /* MapPoint.swift */ = {isa = PBXFileReference; lastKnownFileType = sourcecode.swift; path = MapPoint.swift; sourceTree = "<group>"; };
		E5163F462473B7AD002CAC3A /* MapPointBase.swift */ = {isa = PBXFileReference; lastKnownFileType = sourcecode.swift; path = MapPointBase.swift; sourceTree = "<group>"; };
		E5163F482473DD80002CAC3A /* MapMountainSnowLeopardPoint@2x.png */ = {isa = PBXFileReference; lastKnownFileType = image.png; path = "MapMountainSnowLeopardPoint@2x.png"; sourceTree = "<group>"; };
		E5163F492473DD81002CAC3A /* MapMountainSnowLeopardPoint@3x.png */ = {isa = PBXFileReference; lastKnownFileType = image.png; path = "MapMountainSnowLeopardPoint@3x.png"; sourceTree = "<group>"; };
		E5163F4A2473DD81002CAC3A /* MapMountainSnowLeopardPoint.png */ = {isa = PBXFileReference; lastKnownFileType = image.png; path = MapMountainSnowLeopardPoint.png; sourceTree = "<group>"; };
		E5163F4E2473F39F002CAC3A /* MapMountainSevenPeaksPoint@2x.png */ = {isa = PBXFileReference; lastKnownFileType = image.png; path = "MapMountainSevenPeaksPoint@2x.png"; sourceTree = "<group>"; };
		E5163F4F2473F39F002CAC3A /* MapMountainSevenPeaksPoint@3x.png */ = {isa = PBXFileReference; lastKnownFileType = image.png; path = "MapMountainSevenPeaksPoint@3x.png"; sourceTree = "<group>"; };
		E5163F502473F39F002CAC3A /* MapMountainSevenPeaksPoint.png */ = {isa = PBXFileReference; lastKnownFileType = image.png; path = MapMountainSevenPeaksPoint.png; sourceTree = "<group>"; };
		E51AE09A2477BCE200A2501B /* en */ = {isa = PBXFileReference; lastKnownFileType = text.json; name = en; path = en.lproj/list.json; sourceTree = "<group>"; };
		E51AE09C2477BCE800A2501B /* zh-Hans */ = {isa = PBXFileReference; lastKnownFileType = text.json; name = "zh-Hans"; path = "zh-Hans.lproj/list.json"; sourceTree = "<group>"; };
		E51AE09D2477BCEA00A2501B /* ru */ = {isa = PBXFileReference; lastKnownFileType = text.json; name = ru; path = ru.lproj/list.json; sourceTree = "<group>"; };
		E527DDE22463DF4F003FE494 /* MapMarkPoint.swift */ = {isa = PBXFileReference; lastKnownFileType = sourcecode.swift; path = MapMarkPoint.swift; sourceTree = "<group>"; };
		E527DDE42463F136003FE494 /* MapPoint.png */ = {isa = PBXFileReference; lastKnownFileType = image.png; path = MapPoint.png; sourceTree = "<group>"; };
		E527DDE52463F137003FE494 /* MapPoint@2x.png */ = {isa = PBXFileReference; lastKnownFileType = image.png; path = "MapPoint@2x.png"; sourceTree = "<group>"; };
		E527DDE62463F137003FE494 /* MapPoint@3x.png */ = {isa = PBXFileReference; lastKnownFileType = image.png; path = "MapPoint@3x.png"; sourceTree = "<group>"; };
		E527DDEA24640658003FE494 /* MapMarkPoint@3x.png */ = {isa = PBXFileReference; lastKnownFileType = image.png; path = "MapMarkPoint@3x.png"; sourceTree = "<group>"; };
		E527DDEB24640658003FE494 /* MapMarkPoint.png */ = {isa = PBXFileReference; lastKnownFileType = image.png; path = MapMarkPoint.png; sourceTree = "<group>"; };
		E527DDEC24640658003FE494 /* MapMarkPoint@2x.png */ = {isa = PBXFileReference; lastKnownFileType = image.png; path = "MapMarkPoint@2x.png"; sourceTree = "<group>"; };
		E528F1FF2403116600F01CD6 /* Mark+CoreDataClass.swift */ = {isa = PBXFileReference; lastKnownFileType = sourcecode.swift; path = "Mark+CoreDataClass.swift"; sourceTree = "<group>"; };
		E528F2012403118A00F01CD6 /* Mark+CoreDataProperties.swift */ = {isa = PBXFileReference; lastKnownFileType = sourcecode.swift; path = "Mark+CoreDataProperties.swift"; sourceTree = "<group>"; };
		E52BA736229ECF3200077476 /* Geocode.swift */ = {isa = PBXFileReference; lastKnownFileType = sourcecode.swift; path = Geocode.swift; sourceTree = "<group>"; };
		E52BA738229ED9B600077476 /* YandexResponse.swift */ = {isa = PBXFileReference; lastKnownFileType = sourcecode.swift; path = YandexResponse.swift; sourceTree = "<group>"; };
		E5306E6F22BCABC100026C2E /* GeoActionTableViewCell.swift */ = {isa = PBXFileReference; lastKnownFileType = sourcecode.swift; path = GeoActionTableViewCell.swift; sourceTree = "<group>"; };
		E536F74C22D51BCF00258788 /* GraphView.swift */ = {isa = PBXFileReference; lastKnownFileType = sourcecode.swift; path = GraphView.swift; sourceTree = "<group>"; };
		E53A022A2307E6E50007F771 /* zh-Hans */ = {isa = PBXFileReference; lastKnownFileType = text.plist.strings; name = "zh-Hans"; path = "zh-Hans.lproj/Main.strings"; sourceTree = "<group>"; };
		E53A022B2307E6E50007F771 /* zh-Hans */ = {isa = PBXFileReference; lastKnownFileType = text.plist.strings; name = "zh-Hans"; path = "zh-Hans.lproj/LaunchScreen.strings"; sourceTree = "<group>"; };
		E53A022C2307E6E60007F771 /* zh-Hans */ = {isa = PBXFileReference; lastKnownFileType = text.plist.strings; name = "zh-Hans"; path = "zh-Hans.lproj/Interface.strings"; sourceTree = "<group>"; };
		E53A022D2307E6E60007F771 /* zh-Hans */ = {isa = PBXFileReference; lastKnownFileType = text.plist.strings; name = "zh-Hans"; path = "zh-Hans.lproj/Localizable.strings"; sourceTree = "<group>"; };
		E53A022E2307E6E60007F771 /* zh-Hans */ = {isa = PBXFileReference; lastKnownFileType = text.plist.strings; name = "zh-Hans"; path = "zh-Hans.lproj/InfoPlist.strings"; sourceTree = "<group>"; };
		E53A022F2307E6E60007F771 /* zh-Hans */ = {isa = PBXFileReference; lastKnownFileType = text.plist.strings; name = "zh-Hans"; path = "zh-Hans.lproj/InfoPlist.strings"; sourceTree = "<group>"; };
		E53A02302307E6E60007F771 /* zh-Hans */ = {isa = PBXFileReference; lastKnownFileType = text.plist.strings; name = "zh-Hans"; path = "zh-Hans.lproj/Localizable.strings"; sourceTree = "<group>"; };
		E53A02312307E6E60007F771 /* zh-Hans */ = {isa = PBXFileReference; lastKnownFileType = text.plist.strings; name = "zh-Hans"; path = "zh-Hans.lproj/InfoPlist.strings"; sourceTree = "<group>"; };
		E53A02322307E6E60007F771 /* zh-Hans */ = {isa = PBXFileReference; lastKnownFileType = text.plist.strings; name = "zh-Hans"; path = "zh-Hans.lproj/Localizable.strings"; sourceTree = "<group>"; };
		E55F483E22D5D8A100948AB4 /* GraphViewController.swift */ = {isa = PBXFileReference; lastKnownFileType = sourcecode.swift; path = GraphViewController.swift; sourceTree = "<group>"; };
		E566AF512392BE29005CA340 /* Today.appex */ = {isa = PBXFileReference; explicitFileType = "wrapper.app-extension"; includeInIndex = 0; path = Today.appex; sourceTree = BUILT_PRODUCTS_DIR; };
		E566AF522392BE29005CA340 /* NotificationCenter.framework */ = {isa = PBXFileReference; lastKnownFileType = wrapper.framework; name = NotificationCenter.framework; path = System/Library/Frameworks/NotificationCenter.framework; sourceTree = SDKROOT; };
		E566AF552392BE29005CA340 /* TodayViewController.swift */ = {isa = PBXFileReference; lastKnownFileType = sourcecode.swift; path = TodayViewController.swift; sourceTree = "<group>"; };
		E566AF582392BE29005CA340 /* Base */ = {isa = PBXFileReference; lastKnownFileType = file.storyboard; name = Base; path = Base.lproj/MainInterface.storyboard; sourceTree = "<group>"; };
		E566AF5A2392BE29005CA340 /* Info.plist */ = {isa = PBXFileReference; lastKnownFileType = text.plist.xml; path = Info.plist; sourceTree = "<group>"; };
		E566AF652392BF5A005CA340 /* en */ = {isa = PBXFileReference; lastKnownFileType = text.plist.strings; name = en; path = en.lproj/InfoPlist.strings; sourceTree = "<group>"; };
		E566AF672392BF5D005CA340 /* zh-Hans */ = {isa = PBXFileReference; lastKnownFileType = text.plist.strings; name = "zh-Hans"; path = "zh-Hans.lproj/InfoPlist.strings"; sourceTree = "<group>"; };
		E566AF682392BF5D005CA340 /* ru */ = {isa = PBXFileReference; lastKnownFileType = text.plist.strings; name = ru; path = ru.lproj/InfoPlist.strings; sourceTree = "<group>"; };
		E566AF6B2392C825005CA340 /* Today.entitlements */ = {isa = PBXFileReference; lastKnownFileType = text.plist.entitlements; path = Today.entitlements; sourceTree = "<group>"; };
		E566AF702392CCC5005CA340 /* en */ = {isa = PBXFileReference; lastKnownFileType = text.plist.strings; name = en; path = en.lproj/Localizable.strings; sourceTree = "<group>"; };
		E566AF722392CCC6005CA340 /* ru */ = {isa = PBXFileReference; lastKnownFileType = text.plist.strings; name = ru; path = ru.lproj/Localizable.strings; sourceTree = "<group>"; };
		E566AF732392CCC7005CA340 /* zh-Hans */ = {isa = PBXFileReference; lastKnownFileType = text.plist.strings; name = "zh-Hans"; path = "zh-Hans.lproj/Localizable.strings"; sourceTree = "<group>"; };
		E566AF782392EA60005CA340 /* TodayBackground@2x.png */ = {isa = PBXFileReference; lastKnownFileType = image.png; path = "TodayBackground@2x.png"; sourceTree = "<group>"; };
		E566AF792392EA60005CA340 /* TodayBackground.png */ = {isa = PBXFileReference; lastKnownFileType = image.png; path = TodayBackground.png; sourceTree = "<group>"; };
		E566AF7A2392EA60005CA340 /* TodayBackground@3x.png */ = {isa = PBXFileReference; lastKnownFileType = image.png; path = "TodayBackground@3x.png"; sourceTree = "<group>"; };
		E566AF812392EF7A005CA340 /* README.md */ = {isa = PBXFileReference; lastKnownFileType = net.daringfireball.markdown; path = README.md; sourceTree = "<group>"; };
		E57FD32622D4A82E009A1740 /* PersistentContainer.swift */ = {isa = PBXFileReference; lastKnownFileType = sourcecode.swift; path = PersistentContainer.swift; sourceTree = "<group>"; };
		E57FD32922D4A862009A1740 /* CoreData.framework */ = {isa = PBXFileReference; lastKnownFileType = wrapper.framework; name = CoreData.framework; path = System/Library/Frameworks/CoreData.framework; sourceTree = SDKROOT; };
		E57FD32F22D4A88B009A1740 /* CoreData.framework */ = {isa = PBXFileReference; lastKnownFileType = wrapper.framework; name = CoreData.framework; path = Platforms/WatchOS.platform/Developer/SDKs/WatchOS5.2.sdk/System/Library/Frameworks/CoreData.framework; sourceTree = DEVELOPER_DIR; };
		E57FD34222D4AD4F009A1740 /* Geo-Bridging-Header.h */ = {isa = PBXFileReference; lastKnownFileType = sourcecode.c.h; path = "Geo-Bridging-Header.h"; sourceTree = "<group>"; };
		E57FD34322D4AD4F009A1740 /* Geo WatchKit Extension-Bridging-Header.h */ = {isa = PBXFileReference; lastKnownFileType = sourcecode.c.h; path = "Geo WatchKit Extension-Bridging-Header.h"; sourceTree = "<group>"; };
		E57FD35422D4AF33009A1740 /* Trace+CoreDataProperties.swift */ = {isa = PBXFileReference; fileEncoding = 4; lastKnownFileType = sourcecode.swift; path = "Trace+CoreDataProperties.swift"; sourceTree = "<group>"; };
		E57FD35522D4AF33009A1740 /* Trace+CoreDataClass.swift */ = {isa = PBXFileReference; fileEncoding = 4; lastKnownFileType = sourcecode.swift; path = "Trace+CoreDataClass.swift"; sourceTree = "<group>"; };
		E57FD35B22D4AF44009A1740 /* Geo.xcdatamodel */ = {isa = PBXFileReference; lastKnownFileType = wrapper.xcdatamodel; path = Geo.xcdatamodel; sourceTree = "<group>"; };
		E582AD7D22B2221400F5364A /* Weather.swift */ = {isa = PBXFileReference; lastKnownFileType = sourcecode.swift; path = Weather.swift; sourceTree = "<group>"; };
		E582AD8022B2245900F5364A /* OpenWeatherMapResponse.swift */ = {isa = PBXFileReference; lastKnownFileType = sourcecode.swift; path = OpenWeatherMapResponse.swift; sourceTree = "<group>"; };
		E5851B47247AB9760004877E /* MapSetupViewController.swift */ = {isa = PBXFileReference; lastKnownFileType = sourcecode.swift; path = MapSetupViewController.swift; sourceTree = "<group>"; };
		E5851B49247AF6340004877E /* UserDefaults.swift */ = {isa = PBXFileReference; lastKnownFileType = sourcecode.swift; path = UserDefaults.swift; sourceTree = "<group>"; };
		E59909142462ED3700CB1A85 /* AddMarkViewController.swift */ = {isa = PBXFileReference; lastKnownFileType = sourcecode.swift; path = AddMarkViewController.swift; sourceTree = "<group>"; };
		E59909172462F50000CB1A85 /* UIButton.swift */ = {isa = PBXFileReference; lastKnownFileType = sourcecode.swift; path = UIButton.swift; sourceTree = "<group>"; };
		E59B24082472CD38003D6E77 /* MountainInfo.swift */ = {isa = PBXFileReference; lastKnownFileType = sourcecode.swift; path = MountainInfo.swift; sourceTree = "<group>"; };
		E59B24122472D117003D6E77 /* MountainList.swift */ = {isa = PBXFileReference; lastKnownFileType = sourcecode.swift; path = MountainList.swift; sourceTree = "<group>"; };
		E59B24142472D162003D6E77 /* MountainData.swift */ = {isa = PBXFileReference; lastKnownFileType = sourcecode.swift; path = MountainData.swift; sourceTree = "<group>"; };
		E59B24162472D1D0003D6E77 /* MountainCoordinates.swift */ = {isa = PBXFileReference; lastKnownFileType = sourcecode.swift; path = MountainCoordinates.swift; sourceTree = "<group>"; };
		E59B241824730248003D6E77 /* MapMountainPoint.swift */ = {isa = PBXFileReference; lastKnownFileType = sourcecode.swift; path = MapMountainPoint.swift; sourceTree = "<group>"; };
		E59B241A247307EF003D6E77 /* MapMountainPoint.png */ = {isa = PBXFileReference; lastKnownFileType = image.png; path = MapMountainPoint.png; sourceTree = "<group>"; };
		E59B241B247307EF003D6E77 /* MapMountainPoint@3x.png */ = {isa = PBXFileReference; lastKnownFileType = image.png; path = "MapMountainPoint@3x.png"; sourceTree = "<group>"; };
		E59B241C247307EF003D6E77 /* MapMountainPoint@2x.png */ = {isa = PBXFileReference; lastKnownFileType = image.png; path = "MapMountainPoint@2x.png"; sourceTree = "<group>"; };
		E5A51DE222AE5FD600622A7F /* Barometer+Watch.swift */ = {isa = PBXFileReference; lastKnownFileType = sourcecode.swift; path = "Barometer+Watch.swift"; sourceTree = "<group>"; };
		E5BD41D922893DA30085CA4B /* Geo.app */ = {isa = PBXFileReference; explicitFileType = wrapper.application; includeInIndex = 0; path = Geo.app; sourceTree = BUILT_PRODUCTS_DIR; };
		E5BD41DC22893DA30085CA4B /* AppDelegate.swift */ = {isa = PBXFileReference; lastKnownFileType = sourcecode.swift; path = AppDelegate.swift; sourceTree = "<group>"; };
		E5BD41DE22893DA30085CA4B /* ViewController.swift */ = {isa = PBXFileReference; lastKnownFileType = sourcecode.swift; path = ViewController.swift; sourceTree = "<group>"; };
		E5BD41E122893DA30085CA4B /* Base */ = {isa = PBXFileReference; lastKnownFileType = file.storyboard; name = Base; path = Base.lproj/Main.storyboard; sourceTree = "<group>"; };
		E5BD41E322893DA50085CA4B /* Assets.xcassets */ = {isa = PBXFileReference; lastKnownFileType = folder.assetcatalog; path = Assets.xcassets; sourceTree = "<group>"; };
		E5BD41E622893DA50085CA4B /* Base */ = {isa = PBXFileReference; lastKnownFileType = file.storyboard; name = Base; path = Base.lproj/LaunchScreen.storyboard; sourceTree = "<group>"; };
		E5BD41E822893DA50085CA4B /* Info.plist */ = {isa = PBXFileReference; lastKnownFileType = text.plist.xml; path = Info.plist; sourceTree = "<group>"; };
		E5BD41ED22893DA50085CA4B /* GeoTests.xctest */ = {isa = PBXFileReference; explicitFileType = wrapper.cfbundle; includeInIndex = 0; path = GeoTests.xctest; sourceTree = BUILT_PRODUCTS_DIR; };
		E5BD41F122893DA50085CA4B /* GeoTests.swift */ = {isa = PBXFileReference; lastKnownFileType = sourcecode.swift; path = GeoTests.swift; sourceTree = "<group>"; };
		E5BD41F322893DA50085CA4B /* Info.plist */ = {isa = PBXFileReference; lastKnownFileType = text.plist.xml; path = Info.plist; sourceTree = "<group>"; };
		E5BD41F822893DA50085CA4B /* GeoUITests.xctest */ = {isa = PBXFileReference; explicitFileType = wrapper.cfbundle; includeInIndex = 0; path = GeoUITests.xctest; sourceTree = BUILT_PRODUCTS_DIR; };
		E5BD41FC22893DA50085CA4B /* GeoUITests.swift */ = {isa = PBXFileReference; lastKnownFileType = sourcecode.swift; path = GeoUITests.swift; sourceTree = "<group>"; };
		E5BD41FE22893DA50085CA4B /* Info.plist */ = {isa = PBXFileReference; lastKnownFileType = text.plist.xml; path = Info.plist; sourceTree = "<group>"; };
		E5BD420122893DA50085CA4B /* Geo WatchKit App.app */ = {isa = PBXFileReference; explicitFileType = wrapper.application; includeInIndex = 0; path = "Geo WatchKit App.app"; sourceTree = BUILT_PRODUCTS_DIR; };
		E5BD420722893DA50085CA4B /* Base */ = {isa = PBXFileReference; lastKnownFileType = file.storyboard; name = Base; path = Base.lproj/Interface.storyboard; sourceTree = "<group>"; };
		E5BD420922893DA60085CA4B /* Assets.xcassets */ = {isa = PBXFileReference; lastKnownFileType = folder.assetcatalog; path = Assets.xcassets; sourceTree = "<group>"; };
		E5BD420B22893DA60085CA4B /* Info.plist */ = {isa = PBXFileReference; lastKnownFileType = text.plist.xml; path = Info.plist; sourceTree = "<group>"; };
		E5BD421022893DA60085CA4B /* Geo WatchKit Extension.appex */ = {isa = PBXFileReference; explicitFileType = "wrapper.app-extension"; includeInIndex = 0; path = "Geo WatchKit Extension.appex"; sourceTree = BUILT_PRODUCTS_DIR; };
		E5BD421522893DA60085CA4B /* InterfaceController.swift */ = {isa = PBXFileReference; lastKnownFileType = sourcecode.swift; path = InterfaceController.swift; sourceTree = "<group>"; };
		E5BD421722893DA60085CA4B /* ExtensionDelegate.swift */ = {isa = PBXFileReference; lastKnownFileType = sourcecode.swift; path = ExtensionDelegate.swift; sourceTree = "<group>"; };
		E5BD421922893DA60085CA4B /* NotificationController.swift */ = {isa = PBXFileReference; lastKnownFileType = sourcecode.swift; path = NotificationController.swift; sourceTree = "<group>"; };
		E5BD421B22893DA60085CA4B /* ComplicationController.swift */ = {isa = PBXFileReference; lastKnownFileType = sourcecode.swift; path = ComplicationController.swift; sourceTree = "<group>"; };
		E5BD421D22893DA70085CA4B /* Assets.xcassets */ = {isa = PBXFileReference; lastKnownFileType = folder.assetcatalog; path = Assets.xcassets; sourceTree = "<group>"; };
		E5BD421F22893DA70085CA4B /* Info.plist */ = {isa = PBXFileReference; lastKnownFileType = text.plist.xml; path = Info.plist; sourceTree = "<group>"; };
		E5BD422022893DA70085CA4B /* PushNotificationPayload.apns */ = {isa = PBXFileReference; lastKnownFileType = text; path = PushNotificationPayload.apns; sourceTree = "<group>"; };
		E5BD423422893DE50085CA4B /* Geo.entitlements */ = {isa = PBXFileReference; lastKnownFileType = text.plist.entitlements; path = Geo.entitlements; sourceTree = "<group>"; };
		E5BD423522893E860085CA4B /* Geo WatchKit Extension.entitlements */ = {isa = PBXFileReference; lastKnownFileType = text.plist.entitlements; path = "Geo WatchKit Extension.entitlements"; sourceTree = "<group>"; };
		E5BD423622893E8F0085CA4B /* Geo WatchKit App.entitlements */ = {isa = PBXFileReference; lastKnownFileType = text.plist.entitlements; path = "Geo WatchKit App.entitlements"; sourceTree = "<group>"; };
		E5C795DC22C7E9B5001DD791 /* ru */ = {isa = PBXFileReference; lastKnownFileType = text.plist.strings; name = ru; path = ru.lproj/Main.strings; sourceTree = "<group>"; };
		E5C795DD22C7E9B5001DD791 /* ru */ = {isa = PBXFileReference; lastKnownFileType = text.plist.strings; name = ru; path = ru.lproj/LaunchScreen.strings; sourceTree = "<group>"; };
		E5C795DE22C7E9B5001DD791 /* ru */ = {isa = PBXFileReference; lastKnownFileType = text.plist.strings; name = ru; path = ru.lproj/Interface.strings; sourceTree = "<group>"; };
		E5C795E722C7EB26001DD791 /* en */ = {isa = PBXFileReference; lastKnownFileType = text.plist.strings; name = en; path = en.lproj/InfoPlist.strings; sourceTree = "<group>"; };
		E5C795E822C7EB9D001DD791 /* ru */ = {isa = PBXFileReference; lastKnownFileType = text.plist.strings; name = ru; path = ru.lproj/InfoPlist.strings; sourceTree = "<group>"; };
		E5C795EA22C7EBAB001DD791 /* en */ = {isa = PBXFileReference; lastKnownFileType = text.plist.strings; name = en; path = en.lproj/Localizable.strings; sourceTree = "<group>"; };
		E5C795EC22C7EBB0001DD791 /* ru */ = {isa = PBXFileReference; lastKnownFileType = text.plist.strings; name = ru; path = ru.lproj/Localizable.strings; sourceTree = "<group>"; };
		E5C795F022C7EBE2001DD791 /* en */ = {isa = PBXFileReference; lastKnownFileType = text.plist.strings; name = en; path = en.lproj/InfoPlist.strings; sourceTree = "<group>"; };
		E5C795F222C7EBE3001DD791 /* ru */ = {isa = PBXFileReference; lastKnownFileType = text.plist.strings; name = ru; path = ru.lproj/InfoPlist.strings; sourceTree = "<group>"; };
		E5C795F622C7EC3C001DD791 /* en */ = {isa = PBXFileReference; lastKnownFileType = text.plist.strings; name = en; path = en.lproj/InfoPlist.strings; sourceTree = "<group>"; };
		E5C795F822C7EC3D001DD791 /* ru */ = {isa = PBXFileReference; lastKnownFileType = text.plist.strings; name = ru; path = ru.lproj/InfoPlist.strings; sourceTree = "<group>"; };
		E5C795FE22C7EC76001DD791 /* en */ = {isa = PBXFileReference; lastKnownFileType = text.plist.strings; name = en; path = en.lproj/Localizable.strings; sourceTree = "<group>"; };
		E5C7960022C7EC79001DD791 /* ru */ = {isa = PBXFileReference; lastKnownFileType = text.plist.strings; name = ru; path = ru.lproj/Localizable.strings; sourceTree = "<group>"; };
		E5C7960222C7EC80001DD791 /* en */ = {isa = PBXFileReference; lastKnownFileType = text.plist.strings; name = en; path = en.lproj/Localizable.strings; sourceTree = "<group>"; };
		E5C7960422C7EC84001DD791 /* ru */ = {isa = PBXFileReference; lastKnownFileType = text.plist.strings; name = ru; path = ru.lproj/Localizable.strings; sourceTree = "<group>"; };
		E5C8603622AA8D600002CB91 /* Geo.png */ = {isa = PBXFileReference; lastKnownFileType = image.png; path = Geo.png; sourceTree = "<group>"; };
		E5C8603722AA8D610002CB91 /* readme.txt */ = {isa = PBXFileReference; fileEncoding = 4; lastKnownFileType = text; path = readme.txt; sourceTree = "<group>"; };
		E5D78BEA22B91EDE006A3DF0 /* GeoTableViewCell.swift */ = {isa = PBXFileReference; lastKnownFileType = sourcecode.swift; path = GeoTableViewCell.swift; sourceTree = "<group>"; };
		E5D8317623A6341500A54C9F /* Compass.png */ = {isa = PBXFileReference; lastKnownFileType = image.png; path = Compass.png; sourceTree = "<group>"; };
		E5D8317723A6341500A54C9F /* Compass@2x.png */ = {isa = PBXFileReference; lastKnownFileType = image.png; path = "Compass@2x.png"; sourceTree = "<group>"; };
		E5D8317823A6341500A54C9F /* Compass@3x.png */ = {isa = PBXFileReference; lastKnownFileType = image.png; path = "Compass@3x.png"; sourceTree = "<group>"; };
		E5D8317C23A6359000A54C9F /* Graph@2x.png */ = {isa = PBXFileReference; lastKnownFileType = image.png; path = "Graph@2x.png"; sourceTree = "<group>"; };
		E5D8317D23A6359000A54C9F /* Graph@3x.png */ = {isa = PBXFileReference; lastKnownFileType = image.png; path = "Graph@3x.png"; sourceTree = "<group>"; };
		E5D8317E23A6359000A54C9F /* Graph.png */ = {isa = PBXFileReference; lastKnownFileType = image.png; path = Graph.png; sourceTree = "<group>"; };
		E5D8318223A636C100A54C9F /* MapViewController.swift */ = {isa = PBXFileReference; lastKnownFileType = sourcecode.swift; path = MapViewController.swift; sourceTree = "<group>"; };
		E5EDD39F2297EDE100E3737F /* Barometer.swift */ = {isa = PBXFileReference; lastKnownFileType = sourcecode.swift; path = Barometer.swift; sourceTree = "<group>"; };
		E5F57A8F22958CBA004D3A60 /* CoreMotion.framework */ = {isa = PBXFileReference; lastKnownFileType = wrapper.framework; name = CoreMotion.framework; path = System/Library/Frameworks/CoreMotion.framework; sourceTree = SDKROOT; };
		E5F57A9122958CD6004D3A60 /* CoreMotion.framework */ = {isa = PBXFileReference; lastKnownFileType = wrapper.framework; name = CoreMotion.framework; path = Platforms/WatchOS.platform/Developer/SDKs/WatchOS5.2.sdk/System/Library/Frameworks/CoreMotion.framework; sourceTree = DEVELOPER_DIR; };
		E5F57A9322958CE0004D3A60 /* CoreLocation.framework */ = {isa = PBXFileReference; lastKnownFileType = wrapper.framework; name = CoreLocation.framework; path = Platforms/WatchOS.platform/Developer/SDKs/WatchOS5.2.sdk/System/Library/Frameworks/CoreLocation.framework; sourceTree = DEVELOPER_DIR; };
		E5F57A9522958CF1004D3A60 /* CoreLocation.framework */ = {isa = PBXFileReference; lastKnownFileType = wrapper.framework; name = CoreLocation.framework; path = System/Library/Frameworks/CoreLocation.framework; sourceTree = SDKROOT; };
		E5F65F4124644C8F00D39403 /* UIButtonWithTarget.swift */ = {isa = PBXFileReference; lastKnownFileType = sourcecode.swift; path = UIButtonWithTarget.swift; sourceTree = "<group>"; };
		E5F65F432464506D00D39403 /* MarkDetailsViewController.swift */ = {isa = PBXFileReference; lastKnownFileType = sourcecode.swift; path = MarkDetailsViewController.swift; sourceTree = "<group>"; };
/* End PBXFileReference section */

/* Begin PBXFrameworksBuildPhase section */
		E566AF4E2392BE29005CA340 /* Frameworks */ = {
			isa = PBXFrameworksBuildPhase;
			buildActionMask = 2147483647;
			files = (
				E566AF532392BE29005CA340 /* NotificationCenter.framework in Frameworks */,
			);
			runOnlyForDeploymentPostprocessing = 0;
		};
		E57FD32D22D4A871009A1740 /* Frameworks */ = {
			isa = PBXFrameworksBuildPhase;
			buildActionMask = 2147483647;
			files = (
				E57FD33222D4A899009A1740 /* CoreMotion.framework in Frameworks */,
				E57FD33122D4A893009A1740 /* CoreLocation.framework in Frameworks */,
				E57FD33022D4A88B009A1740 /* CoreData.framework in Frameworks */,
			);
			runOnlyForDeploymentPostprocessing = 0;
		};
		E5BD41D622893DA30085CA4B /* Frameworks */ = {
			isa = PBXFrameworksBuildPhase;
			buildActionMask = 2147483647;
			files = (
				E57FD32A22D4A862009A1740 /* CoreData.framework in Frameworks */,
				E5F57A9622958CF1004D3A60 /* CoreLocation.framework in Frameworks */,
				E5F57A9022958CBA004D3A60 /* CoreMotion.framework in Frameworks */,
			);
			runOnlyForDeploymentPostprocessing = 0;
		};
		E5BD41EA22893DA50085CA4B /* Frameworks */ = {
			isa = PBXFrameworksBuildPhase;
			buildActionMask = 2147483647;
			files = (
			);
			runOnlyForDeploymentPostprocessing = 0;
		};
		E5BD41F522893DA50085CA4B /* Frameworks */ = {
			isa = PBXFrameworksBuildPhase;
			buildActionMask = 2147483647;
			files = (
			);
			runOnlyForDeploymentPostprocessing = 0;
		};
		E5BD420D22893DA60085CA4B /* Frameworks */ = {
			isa = PBXFrameworksBuildPhase;
			buildActionMask = 2147483647;
			files = (
				E57FD33322D4A8AD009A1740 /* CoreData.framework in Frameworks */,
				E5F57A9422958CE0004D3A60 /* CoreLocation.framework in Frameworks */,
				E5F57A9222958CD6004D3A60 /* CoreMotion.framework in Frameworks */,
			);
			runOnlyForDeploymentPostprocessing = 0;
		};
/* End PBXFrameworksBuildPhase section */

/* Begin PBXGroup section */
		E50AFE0B23F9912A00BFB71E /* Model */ = {
			isa = PBXGroup;
			children = (
				E59B24072472CCEA003D6E77 /* Mountain */,
				E50AFE0C23F9914900BFB71E /* MapPoint.swift */,
				E527DDE22463DF4F003FE494 /* MapMarkPoint.swift */,
				E59B241824730248003D6E77 /* MapMountainPoint.swift */,
				E5163F462473B7AD002CAC3A /* MapPointBase.swift */,
			);
			path = Model;
			sourceTree = "<group>";
		};
		E51F05CD2471747A004A7468 /* Mountains */ = {
			isa = PBXGroup;
			children = (
				E51AE09B2477BCE200A2501B /* list.json */,
			);
			path = Mountains;
			sourceTree = "<group>";
		};
		E5306E6E22BCAB9C00026C2E /* Cells */ = {
			isa = PBXGroup;
			children = (
				E5D78BEA22B91EDE006A3DF0 /* GeoTableViewCell.swift */,
				E5306E6F22BCABC100026C2E /* GeoActionTableViewCell.swift */,
			);
			path = Cells;
			sourceTree = "<group>";
		};
		E536F74B22D51B2500258788 /* Graph */ = {
			isa = PBXGroup;
			children = (
				E536F74C22D51BCF00258788 /* GraphView.swift */,
			);
			path = Graph;
			sourceTree = "<group>";
		};
		E566AF542392BE29005CA340 /* Today */ = {
			isa = PBXGroup;
			children = (
				E566AF6B2392C825005CA340 /* Today.entitlements */,
				E566AF552392BE29005CA340 /* TodayViewController.swift */,
				E566AF572392BE29005CA340 /* MainInterface.storyboard */,
				E566AF5A2392BE29005CA340 /* Info.plist */,
				E566AF662392BF5A005CA340 /* InfoPlist.strings */,
				E566AF712392CCC5005CA340 /* Localizable.strings */,
			);
			path = Today;
			sourceTree = "<group>";
		};
		E57FD32422D4A7EB009A1740 /* Data */ = {
			isa = PBXGroup;
			children = (
				E57FD35522D4AF33009A1740 /* Trace+CoreDataClass.swift */,
				E57FD35422D4AF33009A1740 /* Trace+CoreDataProperties.swift */,
				E57FD32622D4A82E009A1740 /* PersistentContainer.swift */,
				E57FD35A22D4AF44009A1740 /* Geo.xcdatamodeld */,
				E57FD34222D4AD4F009A1740 /* Geo-Bridging-Header.h */,
				E57FD34322D4AD4F009A1740 /* Geo WatchKit Extension-Bridging-Header.h */,
				E528F1FF2403116600F01CD6 /* Mark+CoreDataClass.swift */,
				E528F2012403118A00F01CD6 /* Mark+CoreDataProperties.swift */,
			);
			path = Data;
			sourceTree = "<group>";
		};
		E59909162462F3B600CB1A85 /* Extensions */ = {
			isa = PBXGroup;
			children = (
				E59909172462F50000CB1A85 /* UIButton.swift */,
				E5851B49247AF6340004877E /* UserDefaults.swift */,
			);
			path = Extensions;
			sourceTree = "<group>";
		};
		E59B24072472CCEA003D6E77 /* Mountain */ = {
			isa = PBXGroup;
			children = (
				E59B24082472CD38003D6E77 /* MountainInfo.swift */,
				E59B24122472D117003D6E77 /* MountainList.swift */,
				E59B24142472D162003D6E77 /* MountainData.swift */,
				E59B24162472D1D0003D6E77 /* MountainCoordinates.swift */,
			);
			path = Mountain;
			sourceTree = "<group>";
		};
		E5BD41D022893DA30085CA4B = {
			isa = PBXGroup;
			children = (
				E566AF812392EF7A005CA340 /* README.md */,
				E5BD41DB22893DA30085CA4B /* Geo */,
				E5BD41F022893DA50085CA4B /* GeoTests */,
				E5BD41FB22893DA50085CA4B /* GeoUITests */,
				E5BD420522893DA50085CA4B /* Geo WatchKit App */,
				E5BD421422893DA60085CA4B /* Geo WatchKit Extension */,
				E566AF542392BE29005CA340 /* Today */,
				E5BD41DA22893DA30085CA4B /* Products */,
				E5F57A8E22958CBA004D3A60 /* Frameworks */,
			);
			sourceTree = "<group>";
		};
		E5BD41DA22893DA30085CA4B /* Products */ = {
			isa = PBXGroup;
			children = (
				E5BD41D922893DA30085CA4B /* Geo.app */,
				E5BD41ED22893DA50085CA4B /* GeoTests.xctest */,
				E5BD41F822893DA50085CA4B /* GeoUITests.xctest */,
				E5BD420122893DA50085CA4B /* Geo WatchKit App.app */,
				E5BD421022893DA60085CA4B /* Geo WatchKit Extension.appex */,
				E566AF512392BE29005CA340 /* Today.appex */,
			);
			name = Products;
			sourceTree = "<group>";
		};
		E5BD41DB22893DA30085CA4B /* Geo */ = {
			isa = PBXGroup;
			children = (
				E5F65F4024644C2000D39403 /* Classes */,
				E59909162462F3B600CB1A85 /* Extensions */,
				E50AFE0B23F9912A00BFB71E /* Model */,
				E536F74B22D51B2500258788 /* Graph */,
				E57FD32422D4A7EB009A1740 /* Data */,
				E5306E6E22BCAB9C00026C2E /* Cells */,
				E5C8603522AA8D360002CB91 /* Content */,
				E5EDD39E2297EDB700E3737F /* Manager */,
				E5BD423422893DE50085CA4B /* Geo.entitlements */,
				E5BD41DC22893DA30085CA4B /* AppDelegate.swift */,
				E5BD41DE22893DA30085CA4B /* ViewController.swift */,
				E55F483E22D5D8A100948AB4 /* GraphViewController.swift */,
				E59909142462ED3700CB1A85 /* AddMarkViewController.swift */,
				E5F65F432464506D00D39403 /* MarkDetailsViewController.swift */,
				E5D8318223A636C100A54C9F /* MapViewController.swift */,
				E5851B47247AB9760004877E /* MapSetupViewController.swift */,
				E5BD41E022893DA30085CA4B /* Main.storyboard */,
				E5BD41E322893DA50085CA4B /* Assets.xcassets */,
				E5BD41E522893DA50085CA4B /* LaunchScreen.storyboard */,
				E5BD41E822893DA50085CA4B /* Info.plist */,
				E5C795EB22C7EBAB001DD791 /* Localizable.strings */,
				E5C795E622C7EB1D001DD791 /* InfoPlist.strings */,
			);
			path = Geo;
			sourceTree = "<group>";
		};
		E5BD41F022893DA50085CA4B /* GeoTests */ = {
			isa = PBXGroup;
			children = (
				E5BD41F122893DA50085CA4B /* GeoTests.swift */,
				E5BD41F322893DA50085CA4B /* Info.plist */,
			);
			path = GeoTests;
			sourceTree = "<group>";
		};
		E5BD41FB22893DA50085CA4B /* GeoUITests */ = {
			isa = PBXGroup;
			children = (
				E5BD41FC22893DA50085CA4B /* GeoUITests.swift */,
				E5BD41FE22893DA50085CA4B /* Info.plist */,
			);
			path = GeoUITests;
			sourceTree = "<group>";
		};
		E5BD420522893DA50085CA4B /* Geo WatchKit App */ = {
			isa = PBXGroup;
			children = (
				E5BD423622893E8F0085CA4B /* Geo WatchKit App.entitlements */,
				E5BD420622893DA50085CA4B /* Interface.storyboard */,
				E5BD420922893DA60085CA4B /* Assets.xcassets */,
				E5BD420B22893DA60085CA4B /* Info.plist */,
				E5C795F122C7EBE2001DD791 /* InfoPlist.strings */,
				E5C795FF22C7EC76001DD791 /* Localizable.strings */,
			);
			path = "Geo WatchKit App";
			sourceTree = "<group>";
		};
		E5BD421422893DA60085CA4B /* Geo WatchKit Extension */ = {
			isa = PBXGroup;
			children = (
				E5BD423522893E860085CA4B /* Geo WatchKit Extension.entitlements */,
				E5BD421522893DA60085CA4B /* InterfaceController.swift */,
				E5BD421722893DA60085CA4B /* ExtensionDelegate.swift */,
				E5BD421922893DA60085CA4B /* NotificationController.swift */,
				E5BD421B22893DA60085CA4B /* ComplicationController.swift */,
				E5BD421D22893DA70085CA4B /* Assets.xcassets */,
				E5BD421F22893DA70085CA4B /* Info.plist */,
				E5BD422022893DA70085CA4B /* PushNotificationPayload.apns */,
				E5A51DE222AE5FD600622A7F /* Barometer+Watch.swift */,
				E5C795F722C7EC3C001DD791 /* InfoPlist.strings */,
				E5C7960322C7EC80001DD791 /* Localizable.strings */,
			);
			path = "Geo WatchKit Extension";
			sourceTree = "<group>";
		};
		E5C8603522AA8D360002CB91 /* Content */ = {
			isa = PBXGroup;
			children = (
				E51F05CD2471747A004A7468 /* Mountains */,
				E5163F502473F39F002CAC3A /* MapMountainSevenPeaksPoint.png */,
				E5163F4E2473F39F002CAC3A /* MapMountainSevenPeaksPoint@2x.png */,
				E5163F4F2473F39F002CAC3A /* MapMountainSevenPeaksPoint@3x.png */,
				E5163F4A2473DD81002CAC3A /* MapMountainSnowLeopardPoint.png */,
				E5163F482473DD80002CAC3A /* MapMountainSnowLeopardPoint@2x.png */,
				E5163F492473DD81002CAC3A /* MapMountainSnowLeopardPoint@3x.png */,
				E59B241A247307EF003D6E77 /* MapMountainPoint.png */,
				E59B241C247307EF003D6E77 /* MapMountainPoint@2x.png */,
				E59B241B247307EF003D6E77 /* MapMountainPoint@3x.png */,
				E527DDEB24640658003FE494 /* MapMarkPoint.png */,
				E527DDEC24640658003FE494 /* MapMarkPoint@2x.png */,
				E527DDEA24640658003FE494 /* MapMarkPoint@3x.png */,
				E527DDE42463F136003FE494 /* MapPoint.png */,
				E527DDE52463F137003FE494 /* MapPoint@2x.png */,
				E527DDE62463F137003FE494 /* MapPoint@3x.png */,
				E5D8317E23A6359000A54C9F /* Graph.png */,
				E5D8317C23A6359000A54C9F /* Graph@2x.png */,
				E5D8317D23A6359000A54C9F /* Graph@3x.png */,
				E5D8317623A6341500A54C9F /* Compass.png */,
				E5D8317723A6341500A54C9F /* Compass@2x.png */,
				E5D8317823A6341500A54C9F /* Compass@3x.png */,
				E566AF792392EA60005CA340 /* TodayBackground.png */,
				E566AF782392EA60005CA340 /* TodayBackground@2x.png */,
				E566AF7A2392EA60005CA340 /* TodayBackground@3x.png */,
				E5C8603622AA8D600002CB91 /* Geo.png */,
				E5C8603722AA8D610002CB91 /* readme.txt */,
			);
			path = Content;
			sourceTree = "<group>";
		};
		E5EDD39E2297EDB700E3737F /* Manager */ = {
			isa = PBXGroup;
			children = (
				E5EDD39F2297EDE100E3737F /* Barometer.swift */,
				E52BA736229ECF3200077476 /* Geocode.swift */,
				E52BA738229ED9B600077476 /* YandexResponse.swift */,
				E582AD7D22B2221400F5364A /* Weather.swift */,
				E582AD8022B2245900F5364A /* OpenWeatherMapResponse.swift */,
			);
			path = Manager;
			sourceTree = "<group>";
		};
		E5F57A8E22958CBA004D3A60 /* Frameworks */ = {
			isa = PBXGroup;
			children = (
				E57FD32922D4A862009A1740 /* CoreData.framework */,
				E57FD32F22D4A88B009A1740 /* CoreData.framework */,
				E5F57A9322958CE0004D3A60 /* CoreLocation.framework */,
				E5F57A9522958CF1004D3A60 /* CoreLocation.framework */,
				E5F57A9122958CD6004D3A60 /* CoreMotion.framework */,
				E5F57A8F22958CBA004D3A60 /* CoreMotion.framework */,
				E566AF522392BE29005CA340 /* NotificationCenter.framework */,
			);
			name = Frameworks;
			sourceTree = "<group>";
		};
		E5F65F4024644C2000D39403 /* Classes */ = {
			isa = PBXGroup;
			children = (
				E5F65F4124644C8F00D39403 /* UIButtonWithTarget.swift */,
			);
			path = Classes;
			sourceTree = "<group>";
		};
/* End PBXGroup section */

/* Begin PBXNativeTarget section */
		E566AF502392BE29005CA340 /* Today */ = {
			isa = PBXNativeTarget;
			buildConfigurationList = E566AF612392BE29005CA340 /* Build configuration list for PBXNativeTarget "Today" */;
			buildPhases = (
				E566AF4D2392BE29005CA340 /* Sources */,
				E566AF4E2392BE29005CA340 /* Frameworks */,
				E566AF4F2392BE29005CA340 /* Resources */,
			);
			buildRules = (
			);
			dependencies = (
			);
			name = Today;
			productName = Today;
			productReference = E566AF512392BE29005CA340 /* Today.appex */;
			productType = "com.apple.product-type.app-extension";
		};
		E5BD41D822893DA30085CA4B /* Geo */ = {
			isa = PBXNativeTarget;
			buildConfigurationList = E5BD422B22893DA70085CA4B /* Build configuration list for PBXNativeTarget "Geo" */;
			buildPhases = (
				E5BD41D522893DA30085CA4B /* Sources */,
				E5BD41D622893DA30085CA4B /* Frameworks */,
				E5BD41D722893DA30085CA4B /* Resources */,
				E5BD422A22893DA70085CA4B /* Embed Watch Content */,
				E5187E272389CA6300963CA6 /* ShellScript */,
				E566AF5D2392BE29005CA340 /* Embed App Extensions */,
			);
			buildRules = (
			);
			dependencies = (
				E5BD420422893DA50085CA4B /* PBXTargetDependency */,
				E566AF5C2392BE29005CA340 /* PBXTargetDependency */,
			);
			name = Geo;
			productName = Geo;
			productReference = E5BD41D922893DA30085CA4B /* Geo.app */;
			productType = "com.apple.product-type.application";
		};
		E5BD41EC22893DA50085CA4B /* GeoTests */ = {
			isa = PBXNativeTarget;
			buildConfigurationList = E5BD422E22893DA70085CA4B /* Build configuration list for PBXNativeTarget "GeoTests" */;
			buildPhases = (
				E5BD41E922893DA50085CA4B /* Sources */,
				E5BD41EA22893DA50085CA4B /* Frameworks */,
				E5BD41EB22893DA50085CA4B /* Resources */,
			);
			buildRules = (
			);
			dependencies = (
				E5BD41EF22893DA50085CA4B /* PBXTargetDependency */,
			);
			name = GeoTests;
			productName = GeoTests;
			productReference = E5BD41ED22893DA50085CA4B /* GeoTests.xctest */;
			productType = "com.apple.product-type.bundle.unit-test";
		};
		E5BD41F722893DA50085CA4B /* GeoUITests */ = {
			isa = PBXNativeTarget;
			buildConfigurationList = E5BD423122893DA70085CA4B /* Build configuration list for PBXNativeTarget "GeoUITests" */;
			buildPhases = (
				E5BD41F422893DA50085CA4B /* Sources */,
				E5BD41F522893DA50085CA4B /* Frameworks */,
				E5BD41F622893DA50085CA4B /* Resources */,
			);
			buildRules = (
			);
			dependencies = (
				E5BD41FA22893DA50085CA4B /* PBXTargetDependency */,
			);
			name = GeoUITests;
			productName = GeoUITests;
			productReference = E5BD41F822893DA50085CA4B /* GeoUITests.xctest */;
			productType = "com.apple.product-type.bundle.ui-testing";
		};
		E5BD420022893DA50085CA4B /* Geo WatchKit App */ = {
			isa = PBXNativeTarget;
			buildConfigurationList = E5BD422722893DA70085CA4B /* Build configuration list for PBXNativeTarget "Geo WatchKit App" */;
			buildPhases = (
				E5BD41FF22893DA50085CA4B /* Resources */,
				E5BD422622893DA70085CA4B /* Embed App Extensions */,
				E57FD32D22D4A871009A1740 /* Frameworks */,
			);
			buildRules = (
			);
			dependencies = (
				E5BD421322893DA60085CA4B /* PBXTargetDependency */,
			);
			name = "Geo WatchKit App";
			productName = "Geo WatchKit App";
			productReference = E5BD420122893DA50085CA4B /* Geo WatchKit App.app */;
			productType = "com.apple.product-type.application.watchapp2";
		};
		E5BD420F22893DA60085CA4B /* Geo WatchKit Extension */ = {
			isa = PBXNativeTarget;
			buildConfigurationList = E5BD422322893DA70085CA4B /* Build configuration list for PBXNativeTarget "Geo WatchKit Extension" */;
			buildPhases = (
				E5BD420C22893DA60085CA4B /* Sources */,
				E5BD420D22893DA60085CA4B /* Frameworks */,
				E5BD420E22893DA60085CA4B /* Resources */,
			);
			buildRules = (
			);
			dependencies = (
			);
			name = "Geo WatchKit Extension";
			productName = "Geo WatchKit Extension";
			productReference = E5BD421022893DA60085CA4B /* Geo WatchKit Extension.appex */;
			productType = "com.apple.product-type.watchkit2-extension";
		};
/* End PBXNativeTarget section */

/* Begin PBXProject section */
		E5BD41D122893DA30085CA4B /* Project object */ = {
			isa = PBXProject;
			attributes = {
				LastSwiftUpdateCheck = 1120;
				LastUpgradeCheck = 1020;
				ORGANIZATIONNAME = NETTRASH;
				TargetAttributes = {
					E566AF502392BE29005CA340 = {
						CreatedOnToolsVersion = 11.2.1;
					};
					E5BD41D822893DA30085CA4B = {
						CreatedOnToolsVersion = 10.2.1;
						LastSwiftMigration = 1020;
						SystemCapabilities = {
							com.apple.ApplicationGroups.iOS = {
								enabled = 1;
							};
							com.apple.DataProtection = {
								enabled = 1;
							};
							com.apple.Siri = {
								enabled = 1;
							};
							com.apple.iCloud = {
								enabled = 1;
							};
						};
					};
					E5BD41EC22893DA50085CA4B = {
						CreatedOnToolsVersion = 10.2.1;
						TestTargetID = E5BD41D822893DA30085CA4B;
					};
					E5BD41F722893DA50085CA4B = {
						CreatedOnToolsVersion = 10.2.1;
						TestTargetID = E5BD41D822893DA30085CA4B;
					};
					E5BD420022893DA50085CA4B = {
						CreatedOnToolsVersion = 10.2.1;
						LastSwiftMigration = 1020;
						SystemCapabilities = {
							com.apple.ApplicationGroups.iOS = {
								enabled = 1;
							};
						};
					};
					E5BD420F22893DA60085CA4B = {
						CreatedOnToolsVersion = 10.2.1;
						LastSwiftMigration = 1020;
						SystemCapabilities = {
							com.apple.ApplicationGroups.iOS = {
								enabled = 1;
							};
							com.apple.DataProtection = {
								enabled = 1;
							};
							com.apple.Siri = {
								enabled = 1;
							};
							com.apple.iCloud = {
								enabled = 1;
							};
						};
					};
				};
			};
			buildConfigurationList = E5BD41D422893DA30085CA4B /* Build configuration list for PBXProject "Geo" */;
			compatibilityVersion = "Xcode 9.3";
			developmentRegion = en;
			hasScannedForEncodings = 0;
			knownRegions = (
				en,
				Base,
				ru,
				"zh-Hans",
			);
			mainGroup = E5BD41D022893DA30085CA4B;
			productRefGroup = E5BD41DA22893DA30085CA4B /* Products */;
			projectDirPath = "";
			projectRoot = "";
			targets = (
				E5BD41D822893DA30085CA4B /* Geo */,
				E5BD41EC22893DA50085CA4B /* GeoTests */,
				E5BD41F722893DA50085CA4B /* GeoUITests */,
				E5BD420022893DA50085CA4B /* Geo WatchKit App */,
				E5BD420F22893DA60085CA4B /* Geo WatchKit Extension */,
				E566AF502392BE29005CA340 /* Today */,
			);
		};
/* End PBXProject section */

/* Begin PBXResourcesBuildPhase section */
		E566AF4F2392BE29005CA340 /* Resources */ = {
			isa = PBXResourcesBuildPhase;
			buildActionMask = 2147483647;
			files = (
				E566AF7C2392EA60005CA340 /* TodayBackground@2x.png in Resources */,
				E566AF592392BE29005CA340 /* MainInterface.storyboard in Resources */,
				E566AF6F2392CCC5005CA340 /* Localizable.strings in Resources */,
				E566AF802392EA60005CA340 /* TodayBackground@3x.png in Resources */,
				E566AF642392BF5A005CA340 /* InfoPlist.strings in Resources */,
				E566AF7E2392EA60005CA340 /* TodayBackground.png in Resources */,
			);
			runOnlyForDeploymentPostprocessing = 0;
		};
		E5BD41D722893DA30085CA4B /* Resources */ = {
			isa = PBXResourcesBuildPhase;
			buildActionMask = 2147483647;
			files = (
				E5163F512473F3A0002CAC3A /* MapMountainSevenPeaksPoint@2x.png in Resources */,
				E5C8603922AA8D610002CB91 /* readme.txt in Resources */,
				E5163F4C2473DD81002CAC3A /* MapMountainSnowLeopardPoint@3x.png in Resources */,
				E5D8318023A6359000A54C9F /* Graph@3x.png in Resources */,
				E5C795E422C7EB1D001DD791 /* InfoPlist.strings in Resources */,
				E5D8317923A6341600A54C9F /* Compass.png in Resources */,
				E527DDED24640658003FE494 /* MapMarkPoint@3x.png in Resources */,
				E5163F522473F3A0002CAC3A /* MapMountainSevenPeaksPoint@3x.png in Resources */,
				E59B241E247307EF003D6E77 /* MapMountainPoint@3x.png in Resources */,
				E566AF7D2392EA60005CA340 /* TodayBackground.png in Resources */,
				E5C795E922C7EBAB001DD791 /* Localizable.strings in Resources */,
				E527DDE72463F137003FE494 /* MapPoint.png in Resources */,
				E5163F4D2473DD81002CAC3A /* MapMountainSnowLeopardPoint.png in Resources */,
				E59B241F247307EF003D6E77 /* MapMountainPoint@2x.png in Resources */,
				E527DDEE24640658003FE494 /* MapMarkPoint.png in Resources */,
				E566AF7F2392EA60005CA340 /* TodayBackground@3x.png in Resources */,
				E59B241D247307EF003D6E77 /* MapMountainPoint.png in Resources */,
				E527DDE82463F137003FE494 /* MapPoint@2x.png in Resources */,
				E527DDEF24640658003FE494 /* MapMarkPoint@2x.png in Resources */,
				E5BD41E722893DA50085CA4B /* LaunchScreen.storyboard in Resources */,
				E51AE0992477BCE200A2501B /* list.json in Resources */,
				E5163F4B2473DD81002CAC3A /* MapMountainSnowLeopardPoint@2x.png in Resources */,
				E5D8317F23A6359000A54C9F /* Graph@2x.png in Resources */,
				E5C8603822AA8D610002CB91 /* Geo.png in Resources */,
				E5BD41E422893DA50085CA4B /* Assets.xcassets in Resources */,
				E5163F532473F3A0002CAC3A /* MapMountainSevenPeaksPoint.png in Resources */,
				E5D8317A23A6341600A54C9F /* Compass@2x.png in Resources */,
				E5D8317B23A6341600A54C9F /* Compass@3x.png in Resources */,
				E5BD41E222893DA30085CA4B /* Main.storyboard in Resources */,
				E5D8318123A6359000A54C9F /* Graph.png in Resources */,
				E566AF7B2392EA60005CA340 /* TodayBackground@2x.png in Resources */,
				E527DDE92463F137003FE494 /* MapPoint@3x.png in Resources */,
			);
			runOnlyForDeploymentPostprocessing = 0;
		};
		E5BD41EB22893DA50085CA4B /* Resources */ = {
			isa = PBXResourcesBuildPhase;
			buildActionMask = 2147483647;
			files = (
			);
			runOnlyForDeploymentPostprocessing = 0;
		};
		E5BD41F622893DA50085CA4B /* Resources */ = {
			isa = PBXResourcesBuildPhase;
			buildActionMask = 2147483647;
			files = (
			);
			runOnlyForDeploymentPostprocessing = 0;
		};
		E5BD41FF22893DA50085CA4B /* Resources */ = {
			isa = PBXResourcesBuildPhase;
			buildActionMask = 2147483647;
			files = (
				E5BD420A22893DA60085CA4B /* Assets.xcassets in Resources */,
				E5C795FD22C7EC76001DD791 /* Localizable.strings in Resources */,
				E5C795EF22C7EBE2001DD791 /* InfoPlist.strings in Resources */,
				E5BD420822893DA50085CA4B /* Interface.storyboard in Resources */,
			);
			runOnlyForDeploymentPostprocessing = 0;
		};
		E5BD420E22893DA60085CA4B /* Resources */ = {
			isa = PBXResourcesBuildPhase;
			buildActionMask = 2147483647;
			files = (
				E5BD421E22893DA70085CA4B /* Assets.xcassets in Resources */,
				E5C7960122C7EC80001DD791 /* Localizable.strings in Resources */,
				E59BCC7422D348EC00172BB7 /* Assets.xcassets in Resources */,
				E5C795F522C7EC3C001DD791 /* InfoPlist.strings in Resources */,
			);
			runOnlyForDeploymentPostprocessing = 0;
		};
/* End PBXResourcesBuildPhase section */

/* Begin PBXShellScriptBuildPhase section */
		E5187E272389CA6300963CA6 /* ShellScript */ = {
			isa = PBXShellScriptBuildPhase;
			buildActionMask = 2147483647;
			files = (
			);
			inputFileListPaths = (
			);
			inputPaths = (
			);
			outputFileListPaths = (
			);
			outputPaths = (
			);
			runOnlyForDeploymentPostprocessing = 0;
			shellPath = /bin/bash;
			shellScript = "agvtool next-version -all\n";
		};
/* End PBXShellScriptBuildPhase section */

/* Begin PBXSourcesBuildPhase section */
		E566AF4D2392BE29005CA340 /* Sources */ = {
			isa = PBXSourcesBuildPhase;
			buildActionMask = 2147483647;
			files = (
				E566AF6C2392CA31005CA340 /* Barometer.swift in Sources */,
				E566AF762392D197005CA340 /* Geo.xcdatamodeld in Sources */,
				E566AF772392D1F7005CA340 /* GraphView.swift in Sources */,
				E566AF752392D18F005CA340 /* Trace+CoreDataProperties.swift in Sources */,
				E566AF6A2392C6E6005CA340 /* PersistentContainer.swift in Sources */,
				E566AF562392BE29005CA340 /* TodayViewController.swift in Sources */,
				E566AF742392D18C005CA340 /* Trace+CoreDataClass.swift in Sources */,
			);
			runOnlyForDeploymentPostprocessing = 0;
		};
		E5BD41D522893DA30085CA4B /* Sources */ = {
			isa = PBXSourcesBuildPhase;
			buildActionMask = 2147483647;
			files = (
				E5EDD3A02297EDE100E3737F /* Barometer.swift in Sources */,
				E59B24092472CD38003D6E77 /* MountainInfo.swift in Sources */,
				E59B24132472D117003D6E77 /* MountainList.swift in Sources */,
				E57FD35C22D4AF45009A1740 /* Geo.xcdatamodeld in Sources */,
				E5851B4A247AF6340004877E /* UserDefaults.swift in Sources */,
				E5BD41DF22893DA30085CA4B /* ViewController.swift in Sources */,
				E57FD32722D4A82E009A1740 /* PersistentContainer.swift in Sources */,
				E59B241924730248003D6E77 /* MapMountainPoint.swift in Sources */,
				E528F2002403116600F01CD6 /* Mark+CoreDataClass.swift in Sources */,
				E5F65F4224644C8F00D39403 /* UIButtonWithTarget.swift in Sources */,
				E52BA737229ECF3200077476 /* Geocode.swift in Sources */,
				E52BA739229ED9B600077476 /* YandexResponse.swift in Sources */,
				E55F483F22D5D8A100948AB4 /* GraphViewController.swift in Sources */,
				E582AD8122B2245900F5364A /* OpenWeatherMapResponse.swift in Sources */,
				E5F65F442464506D00D39403 /* MarkDetailsViewController.swift in Sources */,
				E582AD7E22B2221400F5364A /* Weather.swift in Sources */,
				E5BD41DD22893DA30085CA4B /* AppDelegate.swift in Sources */,
				E59909182462F50000CB1A85 /* UIButton.swift in Sources */,
				E50AFE0D23F9914900BFB71E /* MapPoint.swift in Sources */,
				E528F2022403118A00F01CD6 /* Mark+CoreDataProperties.swift in Sources */,
				E5851B48247AB9760004877E /* MapSetupViewController.swift in Sources */,
				E536F74D22D51BCF00258788 /* GraphView.swift in Sources */,
				E59B24152472D162003D6E77 /* MountainData.swift in Sources */,
				E5D78BEB22B91EDE006A3DF0 /* GeoTableViewCell.swift in Sources */,
				E5306E7022BCABC100026C2E /* GeoActionTableViewCell.swift in Sources */,
				E59B24172472D1D0003D6E77 /* MountainCoordinates.swift in Sources */,
				E57FD35622D4AF33009A1740 /* Trace+CoreDataProperties.swift in Sources */,
				E527DDE32463DF4F003FE494 /* MapMarkPoint.swift in Sources */,
				E59909152462ED3700CB1A85 /* AddMarkViewController.swift in Sources */,
				E57FD35822D4AF33009A1740 /* Trace+CoreDataClass.swift in Sources */,
				E5163F472473B7AD002CAC3A /* MapPointBase.swift in Sources */,
				E5D8318323A636C100A54C9F /* MapViewController.swift in Sources */,
			);
			runOnlyForDeploymentPostprocessing = 0;
		};
		E5BD41E922893DA50085CA4B /* Sources */ = {
			isa = PBXSourcesBuildPhase;
			buildActionMask = 2147483647;
			files = (
				E5BD41F222893DA50085CA4B /* GeoTests.swift in Sources */,
				E57DF9DE229FD8B6006D8F87 /* YandexResponse.swift in Sources */,
			);
			runOnlyForDeploymentPostprocessing = 0;
		};
		E5BD41F422893DA50085CA4B /* Sources */ = {
			isa = PBXSourcesBuildPhase;
			buildActionMask = 2147483647;
			files = (
				E5BD41FD22893DA50085CA4B /* GeoUITests.swift in Sources */,
			);
			runOnlyForDeploymentPostprocessing = 0;
		};
		E5BD420C22893DA60085CA4B /* Sources */ = {
			isa = PBXSourcesBuildPhase;
			buildActionMask = 2147483647;
			files = (
				E5BD421A22893DA60085CA4B /* NotificationController.swift in Sources */,
				E5A51DE322AE5FD600622A7F /* Barometer+Watch.swift in Sources */,
				E55E348622A142E700BDCE56 /* Barometer.swift in Sources */,
				E5BD421C22893DA60085CA4B /* ComplicationController.swift in Sources */,
				E5BD421822893DA60085CA4B /* ExtensionDelegate.swift in Sources */,
				E58D19D522D4B03B00EEBA49 /* Trace+CoreDataClass.swift in Sources */,
				E5BD421622893DA60085CA4B /* InterfaceController.swift in Sources */,
				E582AD8222B2245900F5364A /* OpenWeatherMapResponse.swift in Sources */,
				E57FD35D22D4AF45009A1740 /* Geo.xcdatamodeld in Sources */,
				E582AD7F22B2221B00F5364A /* Weather.swift in Sources */,
				E57FD32822D4A82E009A1740 /* PersistentContainer.swift in Sources */,
				E58D19D622D4B03F00EEBA49 /* Trace+CoreDataProperties.swift in Sources */,
			);
			runOnlyForDeploymentPostprocessing = 0;
		};
/* End PBXSourcesBuildPhase section */

/* Begin PBXTargetDependency section */
		E566AF5C2392BE29005CA340 /* PBXTargetDependency */ = {
			isa = PBXTargetDependency;
			target = E566AF502392BE29005CA340 /* Today */;
			targetProxy = E566AF5B2392BE29005CA340 /* PBXContainerItemProxy */;
		};
		E5BD41EF22893DA50085CA4B /* PBXTargetDependency */ = {
			isa = PBXTargetDependency;
			target = E5BD41D822893DA30085CA4B /* Geo */;
			targetProxy = E5BD41EE22893DA50085CA4B /* PBXContainerItemProxy */;
		};
		E5BD41FA22893DA50085CA4B /* PBXTargetDependency */ = {
			isa = PBXTargetDependency;
			target = E5BD41D822893DA30085CA4B /* Geo */;
			targetProxy = E5BD41F922893DA50085CA4B /* PBXContainerItemProxy */;
		};
		E5BD420422893DA50085CA4B /* PBXTargetDependency */ = {
			isa = PBXTargetDependency;
			target = E5BD420022893DA50085CA4B /* Geo WatchKit App */;
			targetProxy = E5BD420322893DA50085CA4B /* PBXContainerItemProxy */;
		};
		E5BD421322893DA60085CA4B /* PBXTargetDependency */ = {
			isa = PBXTargetDependency;
			target = E5BD420F22893DA60085CA4B /* Geo WatchKit Extension */;
			targetProxy = E5BD421222893DA60085CA4B /* PBXContainerItemProxy */;
		};
/* End PBXTargetDependency section */

/* Begin PBXVariantGroup section */
		E51AE09B2477BCE200A2501B /* list.json */ = {
			isa = PBXVariantGroup;
			children = (
				E51AE09A2477BCE200A2501B /* en */,
				E51AE09C2477BCE800A2501B /* zh-Hans */,
				E51AE09D2477BCEA00A2501B /* ru */,
			);
			name = list.json;
			sourceTree = "<group>";
		};
		E566AF572392BE29005CA340 /* MainInterface.storyboard */ = {
			isa = PBXVariantGroup;
			children = (
				E566AF582392BE29005CA340 /* Base */,
			);
			name = MainInterface.storyboard;
			sourceTree = "<group>";
		};
		E566AF662392BF5A005CA340 /* InfoPlist.strings */ = {
			isa = PBXVariantGroup;
			children = (
				E566AF652392BF5A005CA340 /* en */,
				E566AF672392BF5D005CA340 /* zh-Hans */,
				E566AF682392BF5D005CA340 /* ru */,
			);
			name = InfoPlist.strings;
			sourceTree = "<group>";
		};
		E566AF712392CCC5005CA340 /* Localizable.strings */ = {
			isa = PBXVariantGroup;
			children = (
				E566AF702392CCC5005CA340 /* en */,
				E566AF722392CCC6005CA340 /* ru */,
				E566AF732392CCC7005CA340 /* zh-Hans */,
			);
			name = Localizable.strings;
			sourceTree = "<group>";
		};
		E5BD41E022893DA30085CA4B /* Main.storyboard */ = {
			isa = PBXVariantGroup;
			children = (
				E5BD41E122893DA30085CA4B /* Base */,
				E5C795DC22C7E9B5001DD791 /* ru */,
				E53A022A2307E6E50007F771 /* zh-Hans */,
			);
			name = Main.storyboard;
			sourceTree = "<group>";
		};
		E5BD41E522893DA50085CA4B /* LaunchScreen.storyboard */ = {
			isa = PBXVariantGroup;
			children = (
				E5BD41E622893DA50085CA4B /* Base */,
				E5C795DD22C7E9B5001DD791 /* ru */,
				E53A022B2307E6E50007F771 /* zh-Hans */,
			);
			name = LaunchScreen.storyboard;
			sourceTree = "<group>";
		};
		E5BD420622893DA50085CA4B /* Interface.storyboard */ = {
			isa = PBXVariantGroup;
			children = (
				E5BD420722893DA50085CA4B /* Base */,
				E5C795DE22C7E9B5001DD791 /* ru */,
				E53A022C2307E6E60007F771 /* zh-Hans */,
			);
			name = Interface.storyboard;
			sourceTree = "<group>";
		};
		E5C795E622C7EB1D001DD791 /* InfoPlist.strings */ = {
			isa = PBXVariantGroup;
			children = (
				E5C795E722C7EB26001DD791 /* en */,
				E5C795E822C7EB9D001DD791 /* ru */,
				E53A022E2307E6E60007F771 /* zh-Hans */,
			);
			name = InfoPlist.strings;
			sourceTree = "<group>";
		};
		E5C795EB22C7EBAB001DD791 /* Localizable.strings */ = {
			isa = PBXVariantGroup;
			children = (
				E5C795EA22C7EBAB001DD791 /* en */,
				E5C795EC22C7EBB0001DD791 /* ru */,
				E53A022D2307E6E60007F771 /* zh-Hans */,
			);
			name = Localizable.strings;
			sourceTree = "<group>";
		};
		E5C795F122C7EBE2001DD791 /* InfoPlist.strings */ = {
			isa = PBXVariantGroup;
			children = (
				E5C795F022C7EBE2001DD791 /* en */,
				E5C795F222C7EBE3001DD791 /* ru */,
				E53A022F2307E6E60007F771 /* zh-Hans */,
			);
			name = InfoPlist.strings;
			sourceTree = "<group>";
		};
		E5C795F722C7EC3C001DD791 /* InfoPlist.strings */ = {
			isa = PBXVariantGroup;
			children = (
				E5C795F622C7EC3C001DD791 /* en */,
				E5C795F822C7EC3D001DD791 /* ru */,
				E53A02312307E6E60007F771 /* zh-Hans */,
			);
			name = InfoPlist.strings;
			sourceTree = "<group>";
		};
		E5C795FF22C7EC76001DD791 /* Localizable.strings */ = {
			isa = PBXVariantGroup;
			children = (
				E5C795FE22C7EC76001DD791 /* en */,
				E5C7960022C7EC79001DD791 /* ru */,
				E53A02302307E6E60007F771 /* zh-Hans */,
			);
			name = Localizable.strings;
			sourceTree = "<group>";
		};
		E5C7960322C7EC80001DD791 /* Localizable.strings */ = {
			isa = PBXVariantGroup;
			children = (
				E5C7960222C7EC80001DD791 /* en */,
				E5C7960422C7EC84001DD791 /* ru */,
				E53A02322307E6E60007F771 /* zh-Hans */,
			);
			name = Localizable.strings;
			sourceTree = "<group>";
		};
/* End PBXVariantGroup section */

/* Begin XCBuildConfiguration section */
		E566AF5F2392BE29005CA340 /* Debug */ = {
			isa = XCBuildConfiguration;
			buildSettings = {
				CODE_SIGN_ENTITLEMENTS = Today/Today.entitlements;
				CODE_SIGN_STYLE = Automatic;
				CURRENT_PROJECT_VERSION = 2200;
				DEVELOPMENT_TEAM = L3973VL47F;
				INFOPLIST_FILE = Today/Info.plist;
				IPHONEOS_DEPLOYMENT_TARGET = 12.2;
				LD_RUNPATH_SEARCH_PATHS = (
					"$(inherited)",
					"@executable_path/Frameworks",
					"@executable_path/../../Frameworks",
				);
				MARKETING_VERSION = 1.7;
				PRODUCT_BUNDLE_IDENTIFIER = ru.nettrash.Geo.Today;
				PRODUCT_NAME = "$(TARGET_NAME)";
				SKIP_INSTALL = YES;
				SWIFT_VERSION = 5.0;
				TARGETED_DEVICE_FAMILY = 1;
			};
			name = Debug;
		};
		E566AF602392BE29005CA340 /* Release */ = {
			isa = XCBuildConfiguration;
			buildSettings = {
				CODE_SIGN_ENTITLEMENTS = Today/Today.entitlements;
				CODE_SIGN_STYLE = Automatic;
				CURRENT_PROJECT_VERSION = 2200;
				DEVELOPMENT_TEAM = L3973VL47F;
				INFOPLIST_FILE = Today/Info.plist;
				IPHONEOS_DEPLOYMENT_TARGET = 12.2;
				LD_RUNPATH_SEARCH_PATHS = (
					"$(inherited)",
					"@executable_path/Frameworks",
					"@executable_path/../../Frameworks",
				);
				MARKETING_VERSION = 1.7;
				PRODUCT_BUNDLE_IDENTIFIER = ru.nettrash.Geo.Today;
				PRODUCT_NAME = "$(TARGET_NAME)";
				SKIP_INSTALL = YES;
				SWIFT_VERSION = 5.0;
				TARGETED_DEVICE_FAMILY = 1;
			};
			name = Release;
		};
		E5BD422122893DA70085CA4B /* Debug */ = {
			isa = XCBuildConfiguration;
			buildSettings = {
				ALWAYS_SEARCH_USER_PATHS = NO;
				CLANG_ANALYZER_LOCALIZABILITY_NONLOCALIZED = YES;
				CLANG_ANALYZER_NONNULL = YES;
				CLANG_ANALYZER_NUMBER_OBJECT_CONVERSION = YES_AGGRESSIVE;
				CLANG_CXX_LANGUAGE_STANDARD = "gnu++14";
				CLANG_CXX_LIBRARY = "libc++";
				CLANG_ENABLE_MODULES = YES;
				CLANG_ENABLE_OBJC_ARC = YES;
				CLANG_ENABLE_OBJC_WEAK = YES;
				CLANG_WARN_BLOCK_CAPTURE_AUTORELEASING = YES;
				CLANG_WARN_BOOL_CONVERSION = YES;
				CLANG_WARN_COMMA = YES;
				CLANG_WARN_CONSTANT_CONVERSION = YES;
				CLANG_WARN_DEPRECATED_OBJC_IMPLEMENTATIONS = YES;
				CLANG_WARN_DIRECT_OBJC_ISA_USAGE = YES_ERROR;
				CLANG_WARN_DOCUMENTATION_COMMENTS = YES;
				CLANG_WARN_EMPTY_BODY = YES;
				CLANG_WARN_ENUM_CONVERSION = YES;
				CLANG_WARN_INFINITE_RECURSION = YES;
				CLANG_WARN_INT_CONVERSION = YES;
				CLANG_WARN_NON_LITERAL_NULL_CONVERSION = YES;
				CLANG_WARN_OBJC_IMPLICIT_RETAIN_SELF = YES;
				CLANG_WARN_OBJC_LITERAL_CONVERSION = YES;
				CLANG_WARN_OBJC_ROOT_CLASS = YES_ERROR;
				CLANG_WARN_RANGE_LOOP_ANALYSIS = YES;
				CLANG_WARN_STRICT_PROTOTYPES = YES;
				CLANG_WARN_SUSPICIOUS_MOVE = YES;
				CLANG_WARN_UNGUARDED_AVAILABILITY = YES_AGGRESSIVE;
				CLANG_WARN_UNREACHABLE_CODE = YES;
				CLANG_WARN__DUPLICATE_METHOD_MATCH = YES;
				CODE_SIGN_IDENTITY = "iPhone Developer";
				COPY_PHASE_STRIP = NO;
				DEBUG_INFORMATION_FORMAT = dwarf;
				ENABLE_STRICT_OBJC_MSGSEND = YES;
				ENABLE_TESTABILITY = YES;
				GCC_C_LANGUAGE_STANDARD = gnu11;
				GCC_DYNAMIC_NO_PIC = NO;
				GCC_NO_COMMON_BLOCKS = YES;
				GCC_OPTIMIZATION_LEVEL = 0;
				GCC_PREPROCESSOR_DEFINITIONS = (
					"DEBUG=1",
					"$(inherited)",
				);
				GCC_WARN_64_TO_32_BIT_CONVERSION = YES;
				GCC_WARN_ABOUT_RETURN_TYPE = YES_ERROR;
				GCC_WARN_UNDECLARED_SELECTOR = YES;
				GCC_WARN_UNINITIALIZED_AUTOS = YES_AGGRESSIVE;
				GCC_WARN_UNUSED_FUNCTION = YES;
				GCC_WARN_UNUSED_VARIABLE = YES;
				IPHONEOS_DEPLOYMENT_TARGET = 12.2;
				MTL_ENABLE_DEBUG_INFO = INCLUDE_SOURCE;
				MTL_FAST_MATH = YES;
				ONLY_ACTIVE_ARCH = YES;
				SDKROOT = iphoneos;
				SWIFT_ACTIVE_COMPILATION_CONDITIONS = DEBUG;
				SWIFT_OPTIMIZATION_LEVEL = "-Onone";
			};
			name = Debug;
		};
		E5BD422222893DA70085CA4B /* Release */ = {
			isa = XCBuildConfiguration;
			buildSettings = {
				ALWAYS_SEARCH_USER_PATHS = NO;
				CLANG_ANALYZER_LOCALIZABILITY_NONLOCALIZED = YES;
				CLANG_ANALYZER_NONNULL = YES;
				CLANG_ANALYZER_NUMBER_OBJECT_CONVERSION = YES_AGGRESSIVE;
				CLANG_CXX_LANGUAGE_STANDARD = "gnu++14";
				CLANG_CXX_LIBRARY = "libc++";
				CLANG_ENABLE_MODULES = YES;
				CLANG_ENABLE_OBJC_ARC = YES;
				CLANG_ENABLE_OBJC_WEAK = YES;
				CLANG_WARN_BLOCK_CAPTURE_AUTORELEASING = YES;
				CLANG_WARN_BOOL_CONVERSION = YES;
				CLANG_WARN_COMMA = YES;
				CLANG_WARN_CONSTANT_CONVERSION = YES;
				CLANG_WARN_DEPRECATED_OBJC_IMPLEMENTATIONS = YES;
				CLANG_WARN_DIRECT_OBJC_ISA_USAGE = YES_ERROR;
				CLANG_WARN_DOCUMENTATION_COMMENTS = YES;
				CLANG_WARN_EMPTY_BODY = YES;
				CLANG_WARN_ENUM_CONVERSION = YES;
				CLANG_WARN_INFINITE_RECURSION = YES;
				CLANG_WARN_INT_CONVERSION = YES;
				CLANG_WARN_NON_LITERAL_NULL_CONVERSION = YES;
				CLANG_WARN_OBJC_IMPLICIT_RETAIN_SELF = YES;
				CLANG_WARN_OBJC_LITERAL_CONVERSION = YES;
				CLANG_WARN_OBJC_ROOT_CLASS = YES_ERROR;
				CLANG_WARN_RANGE_LOOP_ANALYSIS = YES;
				CLANG_WARN_STRICT_PROTOTYPES = YES;
				CLANG_WARN_SUSPICIOUS_MOVE = YES;
				CLANG_WARN_UNGUARDED_AVAILABILITY = YES_AGGRESSIVE;
				CLANG_WARN_UNREACHABLE_CODE = YES;
				CLANG_WARN__DUPLICATE_METHOD_MATCH = YES;
				CODE_SIGN_IDENTITY = "iPhone Developer";
				COPY_PHASE_STRIP = NO;
				DEBUG_INFORMATION_FORMAT = "dwarf-with-dsym";
				ENABLE_NS_ASSERTIONS = NO;
				ENABLE_STRICT_OBJC_MSGSEND = YES;
				GCC_C_LANGUAGE_STANDARD = gnu11;
				GCC_NO_COMMON_BLOCKS = YES;
				GCC_WARN_64_TO_32_BIT_CONVERSION = YES;
				GCC_WARN_ABOUT_RETURN_TYPE = YES_ERROR;
				GCC_WARN_UNDECLARED_SELECTOR = YES;
				GCC_WARN_UNINITIALIZED_AUTOS = YES_AGGRESSIVE;
				GCC_WARN_UNUSED_FUNCTION = YES;
				GCC_WARN_UNUSED_VARIABLE = YES;
				IPHONEOS_DEPLOYMENT_TARGET = 12.2;
				MTL_ENABLE_DEBUG_INFO = NO;
				MTL_FAST_MATH = YES;
				SDKROOT = iphoneos;
				SWIFT_COMPILATION_MODE = wholemodule;
				SWIFT_OPTIMIZATION_LEVEL = "-O";
				VALIDATE_PRODUCT = YES;
			};
			name = Release;
		};
		E5BD422422893DA70085CA4B /* Debug */ = {
			isa = XCBuildConfiguration;
			buildSettings = {
				ASSETCATALOG_COMPILER_COMPLICATION_NAME = Complication;
				CLANG_ENABLE_MODULES = YES;
				CODE_SIGN_ENTITLEMENTS = "Geo WatchKit Extension/Geo WatchKit Extension.entitlements";
				CODE_SIGN_STYLE = Automatic;
				CURRENT_PROJECT_VERSION = 2200;
				DEVELOPMENT_TEAM = L3973VL47F;
				INFOPLIST_FILE = "Geo WatchKit Extension/Info.plist";
				LD_RUNPATH_SEARCH_PATHS = (
					"$(inherited)",
					"@executable_path/Frameworks",
					"@executable_path/../../Frameworks",
				);
				MARKETING_VERSION = 1.6;
				PRODUCT_BUNDLE_IDENTIFIER = ru.nettrash.Geo.watchkitapp.watchkitextension;
				PRODUCT_NAME = "${TARGET_NAME}";
				SDKROOT = watchos;
				SKIP_INSTALL = YES;
				SWIFT_OBJC_BRIDGING_HEADER = "Geo/Data/Geo WatchKit Extension-Bridging-Header.h";
				SWIFT_OPTIMIZATION_LEVEL = "-Onone";
				SWIFT_VERSION = 5.0;
				TARGETED_DEVICE_FAMILY = 4;
				VERSIONING_SYSTEM = "apple-generic";
				WATCHOS_DEPLOYMENT_TARGET = 5.2;
			};
			name = Debug;
		};
		E5BD422522893DA70085CA4B /* Release */ = {
			isa = XCBuildConfiguration;
			buildSettings = {
				ASSETCATALOG_COMPILER_COMPLICATION_NAME = Complication;
				CLANG_ENABLE_MODULES = YES;
				CODE_SIGN_ENTITLEMENTS = "Geo WatchKit Extension/Geo WatchKit Extension.entitlements";
				CODE_SIGN_STYLE = Automatic;
				CURRENT_PROJECT_VERSION = 2200;
				DEVELOPMENT_TEAM = L3973VL47F;
				INFOPLIST_FILE = "Geo WatchKit Extension/Info.plist";
				LD_RUNPATH_SEARCH_PATHS = (
					"$(inherited)",
					"@executable_path/Frameworks",
					"@executable_path/../../Frameworks",
				);
				MARKETING_VERSION = 1.6;
				PRODUCT_BUNDLE_IDENTIFIER = ru.nettrash.Geo.watchkitapp.watchkitextension;
				PRODUCT_NAME = "${TARGET_NAME}";
				SDKROOT = watchos;
				SKIP_INSTALL = YES;
				SWIFT_OBJC_BRIDGING_HEADER = "Geo/Data/Geo WatchKit Extension-Bridging-Header.h";
				SWIFT_VERSION = 5.0;
				TARGETED_DEVICE_FAMILY = 4;
				VERSIONING_SYSTEM = "apple-generic";
				WATCHOS_DEPLOYMENT_TARGET = 5.2;
			};
			name = Release;
		};
		E5BD422822893DA70085CA4B /* Debug */ = {
			isa = XCBuildConfiguration;
			buildSettings = {
				ALWAYS_EMBED_SWIFT_STANDARD_LIBRARIES = YES;
				ASSETCATALOG_COMPILER_APPICON_NAME = AppIcon;
				CLANG_ENABLE_MODULES = YES;
				CODE_SIGN_ENTITLEMENTS = "Geo WatchKit App/Geo WatchKit App.entitlements";
				CODE_SIGN_STYLE = Automatic;
				CURRENT_PROJECT_VERSION = 2200;
				DEVELOPMENT_TEAM = L3973VL47F;
				IBSC_MODULE = Geo_WatchKit_Extension;
				INFOPLIST_FILE = "Geo WatchKit App/Info.plist";
				LD_RUNPATH_SEARCH_PATHS = (
					"$(inherited)",
					"@executable_path/../Frameworks",
					"@loader_path/../Frameworks",
					"@executable_path/Frameworks",
				);
				MARKETING_VERSION = 1.7;
				PRODUCT_BUNDLE_IDENTIFIER = ru.nettrash.Geo.watchkitapp;
				PRODUCT_NAME = "$(TARGET_NAME)";
				SDKROOT = watchos;
				SKIP_INSTALL = YES;
				SWIFT_OBJC_BRIDGING_HEADER = "Geo/Data/Geo WatchKit App-Bridging-Header.h";
				SWIFT_OPTIMIZATION_LEVEL = "-Onone";
				SWIFT_VERSION = 5.0;
				TARGETED_DEVICE_FAMILY = 4;
				VERSIONING_SYSTEM = "apple-generic";
				WATCHOS_DEPLOYMENT_TARGET = 5.2;
			};
			name = Debug;
		};
		E5BD422922893DA70085CA4B /* Release */ = {
			isa = XCBuildConfiguration;
			buildSettings = {
				ALWAYS_EMBED_SWIFT_STANDARD_LIBRARIES = YES;
				ASSETCATALOG_COMPILER_APPICON_NAME = AppIcon;
				CLANG_ENABLE_MODULES = YES;
				CODE_SIGN_ENTITLEMENTS = "Geo WatchKit App/Geo WatchKit App.entitlements";
				CODE_SIGN_STYLE = Automatic;
				CURRENT_PROJECT_VERSION = 2200;
				DEVELOPMENT_TEAM = L3973VL47F;
				IBSC_MODULE = Geo_WatchKit_Extension;
				INFOPLIST_FILE = "Geo WatchKit App/Info.plist";
				LD_RUNPATH_SEARCH_PATHS = (
					"$(inherited)",
					"@executable_path/../Frameworks",
					"@loader_path/../Frameworks",
					"@executable_path/Frameworks",
				);
				MARKETING_VERSION = 1.7;
				PRODUCT_BUNDLE_IDENTIFIER = ru.nettrash.Geo.watchkitapp;
				PRODUCT_NAME = "$(TARGET_NAME)";
				SDKROOT = watchos;
				SKIP_INSTALL = YES;
				SWIFT_OBJC_BRIDGING_HEADER = "Geo/Data/Geo WatchKit App-Bridging-Header.h";
				SWIFT_VERSION = 5.0;
				TARGETED_DEVICE_FAMILY = 4;
				VERSIONING_SYSTEM = "apple-generic";
				WATCHOS_DEPLOYMENT_TARGET = 5.2;
			};
			name = Release;
		};
		E5BD422C22893DA70085CA4B /* Debug */ = {
			isa = XCBuildConfiguration;
			buildSettings = {
				ALWAYS_EMBED_SWIFT_STANDARD_LIBRARIES = YES;
				ASSETCATALOG_COMPILER_APPICON_NAME = AppIcon;
				CLANG_ENABLE_MODULES = YES;
				CODE_SIGN_ENTITLEMENTS = Geo/Geo.entitlements;
				CODE_SIGN_STYLE = Automatic;
				CURRENT_PROJECT_VERSION = 2200;
				DEVELOPMENT_TEAM = L3973VL47F;
				INFOPLIST_FILE = Geo/Info.plist;
				LD_RUNPATH_SEARCH_PATHS = (
					"$(inherited)",
					"@executable_path/Frameworks",
				);
				MARKETING_VERSION = 1.7;
				PRODUCT_BUNDLE_IDENTIFIER = ru.nettrash.Geo;
				PRODUCT_NAME = "$(TARGET_NAME)";
				SWIFT_OBJC_BRIDGING_HEADER = "Geo/Data/Geo-Bridging-Header.h";
				SWIFT_OPTIMIZATION_LEVEL = "-Onone";
				SWIFT_VERSION = 5.0;
				TARGETED_DEVICE_FAMILY = 1;
				VERSIONING_SYSTEM = "apple-generic";
			};
			name = Debug;
		};
		E5BD422D22893DA70085CA4B /* Release */ = {
			isa = XCBuildConfiguration;
			buildSettings = {
				ALWAYS_EMBED_SWIFT_STANDARD_LIBRARIES = YES;
				ASSETCATALOG_COMPILER_APPICON_NAME = AppIcon;
				CLANG_ENABLE_MODULES = YES;
				CODE_SIGN_ENTITLEMENTS = Geo/Geo.entitlements;
				CODE_SIGN_STYLE = Automatic;
				CURRENT_PROJECT_VERSION = 2200;
				DEVELOPMENT_TEAM = L3973VL47F;
				INFOPLIST_FILE = Geo/Info.plist;
				LD_RUNPATH_SEARCH_PATHS = (
					"$(inherited)",
					"@executable_path/Frameworks",
				);
				MARKETING_VERSION = 1.7;
				PRODUCT_BUNDLE_IDENTIFIER = ru.nettrash.Geo;
				PRODUCT_NAME = "$(TARGET_NAME)";
				SWIFT_OBJC_BRIDGING_HEADER = "Geo/Data/Geo-Bridging-Header.h";
				SWIFT_VERSION = 5.0;
				TARGETED_DEVICE_FAMILY = 1;
				VERSIONING_SYSTEM = "apple-generic";
			};
			name = Release;
		};
		E5BD422F22893DA70085CA4B /* Debug */ = {
			isa = XCBuildConfiguration;
			buildSettings = {
				ALWAYS_EMBED_SWIFT_STANDARD_LIBRARIES = YES;
				BUNDLE_LOADER = "$(TEST_HOST)";
				CODE_SIGN_STYLE = Automatic;
				DEVELOPMENT_TEAM = L3973VL47F;
				INFOPLIST_FILE = GeoTests/Info.plist;
				LD_RUNPATH_SEARCH_PATHS = (
					"$(inherited)",
					"@executable_path/Frameworks",
					"@loader_path/Frameworks",
				);
				PRODUCT_BUNDLE_IDENTIFIER = ru.nettrash.GeoTests;
				PRODUCT_NAME = "$(TARGET_NAME)";
				SWIFT_VERSION = 5.0;
				TARGETED_DEVICE_FAMILY = "1,2";
				TEST_HOST = "$(BUILT_PRODUCTS_DIR)/Geo.app/Geo";
			};
			name = Debug;
		};
		E5BD423022893DA70085CA4B /* Release */ = {
			isa = XCBuildConfiguration;
			buildSettings = {
				ALWAYS_EMBED_SWIFT_STANDARD_LIBRARIES = YES;
				BUNDLE_LOADER = "$(TEST_HOST)";
				CODE_SIGN_STYLE = Automatic;
				DEVELOPMENT_TEAM = L3973VL47F;
				INFOPLIST_FILE = GeoTests/Info.plist;
				LD_RUNPATH_SEARCH_PATHS = (
					"$(inherited)",
					"@executable_path/Frameworks",
					"@loader_path/Frameworks",
				);
				PRODUCT_BUNDLE_IDENTIFIER = ru.nettrash.GeoTests;
				PRODUCT_NAME = "$(TARGET_NAME)";
				SWIFT_VERSION = 5.0;
				TARGETED_DEVICE_FAMILY = "1,2";
				TEST_HOST = "$(BUILT_PRODUCTS_DIR)/Geo.app/Geo";
			};
			name = Release;
		};
		E5BD423222893DA70085CA4B /* Debug */ = {
			isa = XCBuildConfiguration;
			buildSettings = {
				ALWAYS_EMBED_SWIFT_STANDARD_LIBRARIES = YES;
				CODE_SIGN_STYLE = Automatic;
				DEVELOPMENT_TEAM = L3973VL47F;
				INFOPLIST_FILE = GeoUITests/Info.plist;
				LD_RUNPATH_SEARCH_PATHS = (
					"$(inherited)",
					"@executable_path/Frameworks",
					"@loader_path/Frameworks",
				);
				PRODUCT_BUNDLE_IDENTIFIER = ru.nettrash.GeoUITests;
				PRODUCT_NAME = "$(TARGET_NAME)";
				SWIFT_VERSION = 5.0;
				TARGETED_DEVICE_FAMILY = "1,2";
				TEST_TARGET_NAME = Geo;
			};
			name = Debug;
		};
		E5BD423322893DA70085CA4B /* Release */ = {
			isa = XCBuildConfiguration;
			buildSettings = {
				ALWAYS_EMBED_SWIFT_STANDARD_LIBRARIES = YES;
				CODE_SIGN_STYLE = Automatic;
				DEVELOPMENT_TEAM = L3973VL47F;
				INFOPLIST_FILE = GeoUITests/Info.plist;
				LD_RUNPATH_SEARCH_PATHS = (
					"$(inherited)",
					"@executable_path/Frameworks",
					"@loader_path/Frameworks",
				);
				PRODUCT_BUNDLE_IDENTIFIER = ru.nettrash.GeoUITests;
				PRODUCT_NAME = "$(TARGET_NAME)";
				SWIFT_VERSION = 5.0;
				TARGETED_DEVICE_FAMILY = "1,2";
				TEST_TARGET_NAME = Geo;
			};
			name = Release;
		};
/* End XCBuildConfiguration section */

/* Begin XCConfigurationList section */
		E566AF612392BE29005CA340 /* Build configuration list for PBXNativeTarget "Today" */ = {
			isa = XCConfigurationList;
			buildConfigurations = (
				E566AF5F2392BE29005CA340 /* Debug */,
				E566AF602392BE29005CA340 /* Release */,
			);
			defaultConfigurationIsVisible = 0;
			defaultConfigurationName = Release;
		};
		E5BD41D422893DA30085CA4B /* Build configuration list for PBXProject "Geo" */ = {
			isa = XCConfigurationList;
			buildConfigurations = (
				E5BD422122893DA70085CA4B /* Debug */,
				E5BD422222893DA70085CA4B /* Release */,
			);
			defaultConfigurationIsVisible = 0;
			defaultConfigurationName = Release;
		};
		E5BD422322893DA70085CA4B /* Build configuration list for PBXNativeTarget "Geo WatchKit Extension" */ = {
			isa = XCConfigurationList;
			buildConfigurations = (
				E5BD422422893DA70085CA4B /* Debug */,
				E5BD422522893DA70085CA4B /* Release */,
			);
			defaultConfigurationIsVisible = 0;
			defaultConfigurationName = Release;
		};
		E5BD422722893DA70085CA4B /* Build configuration list for PBXNativeTarget "Geo WatchKit App" */ = {
			isa = XCConfigurationList;
			buildConfigurations = (
				E5BD422822893DA70085CA4B /* Debug */,
				E5BD422922893DA70085CA4B /* Release */,
			);
			defaultConfigurationIsVisible = 0;
			defaultConfigurationName = Release;
		};
		E5BD422B22893DA70085CA4B /* Build configuration list for PBXNativeTarget "Geo" */ = {
			isa = XCConfigurationList;
			buildConfigurations = (
				E5BD422C22893DA70085CA4B /* Debug */,
				E5BD422D22893DA70085CA4B /* Release */,
			);
			defaultConfigurationIsVisible = 0;
			defaultConfigurationName = Release;
		};
		E5BD422E22893DA70085CA4B /* Build configuration list for PBXNativeTarget "GeoTests" */ = {
			isa = XCConfigurationList;
			buildConfigurations = (
				E5BD422F22893DA70085CA4B /* Debug */,
				E5BD423022893DA70085CA4B /* Release */,
			);
			defaultConfigurationIsVisible = 0;
			defaultConfigurationName = Release;
		};
		E5BD423122893DA70085CA4B /* Build configuration list for PBXNativeTarget "GeoUITests" */ = {
			isa = XCConfigurationList;
			buildConfigurations = (
				E5BD423222893DA70085CA4B /* Debug */,
				E5BD423322893DA70085CA4B /* Release */,
			);
			defaultConfigurationIsVisible = 0;
			defaultConfigurationName = Release;
		};
/* End XCConfigurationList section */

/* Begin XCVersionGroup section */
		E57FD35A22D4AF44009A1740 /* Geo.xcdatamodeld */ = {
			isa = XCVersionGroup;
			children = (
				E57FD35B22D4AF44009A1740 /* Geo.xcdatamodel */,
			);
			currentVersion = E57FD35B22D4AF44009A1740 /* Geo.xcdatamodel */;
			path = Geo.xcdatamodeld;
			sourceTree = "<group>";
			versionGroupType = wrapper.xcdatamodel;
		};
/* End XCVersionGroup section */
	};
	rootObject = E5BD41D122893DA30085CA4B /* Project object */;
}
